Microsoft Visual Studio Solution File, Format Version 12.00
# Visual Studio Version 16
VisualStudioVersion = 16.0.32630.194
MinimumVisualStudioVersion = 10.0.40219.1
Project("{2150E333-8FDC-42A3-9474-1A3956D46DE8}") = "dnSpyFiles", "dnSpyFiles", "{BCDFE47C-A4D8-4F5C-BCED-4AEBDC711E34}"
	ProjectSection(SolutionItems) = preProject
		dnSpyFiles\dnSpy.c = dnSpyFiles\dnSpy.c
	EndProjectSection
EndProject
Project("{2150E333-8FDC-42A3-9474-1A3956D46DE8}") = "unity-2021.2.18-mbe", "unity-2021.2.18-mbe", "{DFF0B886-75EA-422F-958B-A64FF02191D1}"
EndProject
Project("{8BC9CEB8-8B4A-11D0-8D11-00A0C91BC942}") = "build-init", "unity-2021.2.18-mbe\msvc\build-init.vcxproj", "{A59E08B4-D48D-40E4-9927-401E0351F4F0}"
EndProject
Project("{8BC9CEB8-8B4A-11D0-8D11-00A0C91BC942}") = "eglib", "unity-2021.2.18-mbe\msvc\eglib.vcxproj", "{9EBBC316-804C-483E-A67C-53A4CEFC886D}"
EndProject
Project("{8BC9CEB8-8B4A-11D0-8D11-00A0C91BC942}") = "genmdesc", "unity-2021.2.18-mbe\msvc\genmdesc.vcxproj", "{A5161366-8160-4FED-A662-29D324D40534}"
EndProject
Project("{8BC9CEB8-8B4A-11D0-8D11-00A0C91BC942}") = "libgcbdwgc", "unity-2021.2.18-mbe\msvc\libgcbdwgc.vcxproj", "{572C03B7-520B-4A8C-AA17-0AE0F1687A78}"
EndProject
Project("{8BC9CEB8-8B4A-11D0-8D11-00A0C91BC942}") = "libmono-dynamic", "unity-2021.2.18-mbe\msvc\libmono-dynamic.vcxproj", "{94A4CCDA-420F-43F7-B85F-1120DA48BCAC}"
EndProject
Project("{2150E333-8FDC-42A3-9474-1A3956D46DE8}") = "unity-2021.2.18-mbe", "unity-2021.2.18-mbe", "{3A7B0D0F-44A9-4AAB-9A4A-768C298E6504}"
EndProject
Project("{8BC9CEB8-8B4A-11D0-8D11-00A0C91BC942}") = "build-init", "unity-2021.2.18-mbe\msvc\build-init.vcxproj", "{3F516E9B-9DCE-4B1E-93B1-32E56F1AA1BE}"
EndProject
Project("{8BC9CEB8-8B4A-11D0-8D11-00A0C91BC942}") = "eglib", "unity-2021.2.18-mbe\msvc\eglib.vcxproj", "{39C758D8-48B8-4A40-ACA6-7CC5CA4E89CD}"
EndProject
Project("{8BC9CEB8-8B4A-11D0-8D11-00A0C91BC942}") = "genmdesc", "unity-2021.2.18-mbe\msvc\genmdesc.vcxproj", "{230479A5-25D5-403D-90F9-89B816EB7862}"
EndProject
Project("{8BC9CEB8-8B4A-11D0-8D11-00A0C91BC942}") = "libgcbdwgc", "unity-2021.2.18-mbe\msvc\libgcbdwgc.vcxproj", "{15C19E46-FB49-479B-90D3-D439AEA5A64D}"
EndProject
Project("{8BC9CEB8-8B4A-11D0-8D11-00A0C91BC942}") = "libmono-dynamic", "unity-2021.2.18-mbe\msvc\libmono-dynamic.vcxproj", "{7BE9804D-6743-4718-BCDB-4FBB21F5E42A}"
EndProject
Project("{2150E333-8FDC-42A3-9474-1A3956D46DE8}") = "unity-2021.2.18-mbe", "unity-2021.2.18-mbe", "{1F08D3A0-C04D-44E1-8FE2-A49E02F619B8}"
EndProject
Project("{8BC9CEB8-8B4A-11D0-8D11-00A0C91BC942}") = "build-init", "unity-2021.2.18-mbe\msvc\build-init.vcxproj", "{7EFAB678-4B35-4577-A860-63E6F60B4D4A}"
EndProject
Project("{8BC9CEB8-8B4A-11D0-8D11-00A0C91BC942}") = "eglib", "unity-2021.2.18-mbe\msvc\eglib.vcxproj", "{38B13BFA-EEC4-4216-9FF1-F414C00A9A3A}"
EndProject
Project("{8BC9CEB8-8B4A-11D0-8D11-00A0C91BC942}") = "genmdesc", "unity-2021.2.18-mbe\msvc\genmdesc.vcxproj", "{1F7D57A2-5700-4C77-87A2-4735C4FCFAE2}"
EndProject
Project("{8BC9CEB8-8B4A-11D0-8D11-00A0C91BC942}") = "libgcbdwgc", "unity-2021.2.18-mbe\msvc\libgcbdwgc.vcxproj", "{5C3D8781-3715-4D0E-807E-7E810ADD091A}"
EndProject
Project("{8BC9CEB8-8B4A-11D0-8D11-00A0C91BC942}") = "libmono-dynamic", "unity-2021.2.18-mbe\msvc\libmono-dynamic.vcxproj", "{3C603C08-8FD5-4C60-9670-DE1BD5FDA3FB}"
EndProject
Project("{2150E333-8FDC-42A3-9474-1A3956D46DE8}") = "unity-2021.2.18-mbe", "unity-2021.2.18-mbe", "{BADEAEDC-3382-4D40-8DDE-E7F9813431D6}"
EndProject
Project("{8BC9CEB8-8B4A-11D0-8D11-00A0C91BC942}") = "build-init", "unity-2021.2.18-mbe\msvc\build-init.vcxproj", "{A1A45E6F-0840-40DA-9995-19FB994D2C47}"
EndProject
Project("{8BC9CEB8-8B4A-11D0-8D11-00A0C91BC942}") = "eglib", "unity-2021.2.18-mbe\msvc\eglib.vcxproj", "{C2EC44AC-3C63-4585-A208-C0924479AAE8}"
EndProject
Project("{8BC9CEB8-8B4A-11D0-8D11-00A0C91BC942}") = "genmdesc", "unity-2021.2.18-mbe\msvc\genmdesc.vcxproj", "{76B17A0A-1169-4CE3-9F4D-AC28D26BBC3E}"
EndProject
Project("{8BC9CEB8-8B4A-11D0-8D11-00A0C91BC942}") = "libgcbdwgc", "unity-2021.2.18-mbe\msvc\libgcbdwgc.vcxproj", "{579C60FC-5F35-4AC8-8A56-41CBC7B6EAA2}"
EndProject
Project("{8BC9CEB8-8B4A-11D0-8D11-00A0C91BC942}") = "libmono-dynamic", "unity-2021.2.18-mbe\msvc\libmono-dynamic.vcxproj", "{5DBC74E5-992B-450D-9CF5-B0C128336D2C}"
EndProject
Project("{2150E333-8FDC-42A3-9474-1A3956D46DE8}") = "unity-2021.2.18-mbe", "unity-2021.2.18-mbe", "{50E49A14-178B-4C67-A4F5-9B82A6385303}"
EndProject
Project("{8BC9CEB8-8B4A-11D0-8D11-00A0C91BC942}") = "build-init", "unity-2021.2.18-mbe\msvc\build-init.vcxproj", "{96E733D5-A7E4-477E-A7A7-042825CB3B31}"
EndProject
Project("{8BC9CEB8-8B4A-11D0-8D11-00A0C91BC942}") = "eglib", "unity-2021.2.18-mbe\msvc\eglib.vcxproj", "{83FF84A4-C7D2-4A45-8F54-79616D74B51D}"
EndProject
Project("{8BC9CEB8-8B4A-11D0-8D11-00A0C91BC942}") = "genmdesc", "unity-2021.2.18-mbe\msvc\genmdesc.vcxproj", "{A1C69911-60A6-4098-B58F-3A6FC88BA7DE}"
EndProject
Project("{8BC9CEB8-8B4A-11D0-8D11-00A0C91BC942}") = "libgcbdwgc", "unity-2021.2.18-mbe\msvc\libgcbdwgc.vcxproj", "{8D695A2B-2A3F-40C3-8731-5D38A0A108F5}"
EndProject
Project("{8BC9CEB8-8B4A-11D0-8D11-00A0C91BC942}") = "libmono-dynamic", "unity-2021.2.18-mbe\msvc\libmono-dynamic.vcxproj", "{C2D35960-9A74-43F2-B8B7-F9BD788BE208}"
EndProject
Project("{2150E333-8FDC-42A3-9474-1A3956D46DE8}") = "unity-2021.2.18-mbe", "unity-2021.2.18-mbe", "{0152BD8B-6BD2-4096-96C7-FC2F8270546C}"
EndProject
Project("{8BC9CEB8-8B4A-11D0-8D11-00A0C91BC942}") = "build-init", "unity-2021.2.18-mbe\msvc\build-init.vcxproj", "{CED47A5D-08D2-46B6-A323-E887F3D9397C}"
EndProject
Project("{8BC9CEB8-8B4A-11D0-8D11-00A0C91BC942}") = "eglib", "unity-2021.2.18-mbe\msvc\eglib.vcxproj", "{291E5491-8D89-47CB-BA47-4CF24C2AE485}"
EndProject
Project("{8BC9CEB8-8B4A-11D0-8D11-00A0C91BC942}") = "genmdesc", "unity-2021.2.18-mbe\msvc\genmdesc.vcxproj", "{12AC2D40-DD07-4D64-AA41-37851FD73017}"
EndProject
Project("{8BC9CEB8-8B4A-11D0-8D11-00A0C91BC942}") = "libgcbdwgc", "unity-2021.2.18-mbe\msvc\libgcbdwgc.vcxproj", "{E726C02E-02C4-4F41-AD3A-6BB9D5D0F1B9}"
EndProject
Project("{8BC9CEB8-8B4A-11D0-8D11-00A0C91BC942}") = "libmono-dynamic", "unity-2021.2.18-mbe\msvc\libmono-dynamic.vcxproj", "{21EB6EBC-1C2E-4A9D-948C-FD366441372A}"
EndProject
Project("{2150E333-8FDC-42A3-9474-1A3956D46DE8}") = "unity-2021.2.18-mbe", "unity-2021.2.18-mbe", "{6D48518A-E3B7-4F1D-931D-DACD00D65B1B}"
EndProject
Project("{8BC9CEB8-8B4A-11D0-8D11-00A0C91BC942}") = "build-init", "unity-2021.2.18-mbe\msvc\build-init.vcxproj", "{780D0B14-4864-421D-BD74-74CB9BCD55F5}"
EndProject
Project("{8BC9CEB8-8B4A-11D0-8D11-00A0C91BC942}") = "eglib", "unity-2021.2.18-mbe\msvc\eglib.vcxproj", "{7D9E02E7-CA47-409B-AC66-D8BDAF3A405C}"
EndProject
Project("{8BC9CEB8-8B4A-11D0-8D11-00A0C91BC942}") = "genmdesc", "unity-2021.2.18-mbe\msvc\genmdesc.vcxproj", "{EB04E6E3-7F41-411C-B20F-41384C353E26}"
EndProject
Project("{8BC9CEB8-8B4A-11D0-8D11-00A0C91BC942}") = "libgcbdwgc", "unity-2021.2.18-mbe\msvc\libgcbdwgc.vcxproj", "{BB0E1AC3-7D9E-448D-BA58-59194E90B33B}"
EndProject
Project("{8BC9CEB8-8B4A-11D0-8D11-00A0C91BC942}") = "libmono-dynamic", "unity-2021.2.18-mbe\msvc\libmono-dynamic.vcxproj", "{A406674F-8315-4390-B684-6750978675ED}"
EndProject
Project("{2150E333-8FDC-42A3-9474-1A3956D46DE8}") = "unity-2021.2.18-mbe", "unity-2021.2.18-mbe", "{4312A6BA-F741-42B0-9369-2DBFCBF63E45}"
EndProject
Project("{8BC9CEB8-8B4A-11D0-8D11-00A0C91BC942}") = "build-init", "unity-2021.2.18-mbe\msvc\build-init.vcxproj", "{9D0192A7-9357-455C-9A21-33E061EC620A}"
EndProject
Project("{8BC9CEB8-8B4A-11D0-8D11-00A0C91BC942}") = "eglib", "unity-2021.2.18-mbe\msvc\eglib.vcxproj", "{3067DB42-A4EF-4EAC-905F-9FE74AEC14B0}"
EndProject
Project("{8BC9CEB8-8B4A-11D0-8D11-00A0C91BC942}") = "genmdesc", "unity-2021.2.18-mbe\msvc\genmdesc.vcxproj", "{BEDE6239-B72F-4744-9E72-1D5ACAAB8615}"
EndProject
Project("{8BC9CEB8-8B4A-11D0-8D11-00A0C91BC942}") = "libgcbdwgc", "unity-2021.2.18-mbe\msvc\libgcbdwgc.vcxproj", "{3E157DE0-6D8A-409B-B83F-674E5DF867F7}"
EndProject
Project("{8BC9CEB8-8B4A-11D0-8D11-00A0C91BC942}") = "libmono-dynamic", "unity-2021.2.18-mbe\msvc\libmono-dynamic.vcxproj", "{FCB58A73-F013-4583-B7FC-179342D08143}"
EndProject
Project("{2150E333-8FDC-42A3-9474-1A3956D46DE8}") = "unity-2021.2.18-mbe", "unity-2021.2.18-mbe", "{2A391792-DC04-4160-9080-3D13BE4E01D5}"
EndProject
Project("{8BC9CEB8-8B4A-11D0-8D11-00A0C91BC942}") = "build-init", "unity-2021.2.18-mbe\msvc\build-init.vcxproj", "{7A8C8F43-4D44-42CC-8777-F3FE5955853F}"
EndProject
Project("{8BC9CEB8-8B4A-11D0-8D11-00A0C91BC942}") = "eglib", "unity-2021.2.18-mbe\msvc\eglib.vcxproj", "{281342AF-0BBA-4E13-B5AE-971A89F26630}"
EndProject
Project("{8BC9CEB8-8B4A-11D0-8D11-00A0C91BC942}") = "genmdesc", "unity-2021.2.18-mbe\msvc\genmdesc.vcxproj", "{9B067058-9763-4095-A557-28C8FF9B2CDE}"
EndProject
Project("{8BC9CEB8-8B4A-11D0-8D11-00A0C91BC942}") = "libgcbdwgc", "unity-2021.2.18-mbe\msvc\libgcbdwgc.vcxproj", "{57A3A9EC-FBEF-4681-B461-CB93F744040C}"
EndProject
Project("{8BC9CEB8-8B4A-11D0-8D11-00A0C91BC942}") = "libmono-dynamic", "unity-2021.2.18-mbe\msvc\libmono-dynamic.vcxproj", "{4ACE4FB6-3E0B-46B6-B2AC-41FD47FA41CF}"
EndProject
Project("{2150E333-8FDC-42A3-9474-1A3956D46DE8}") = "unity-2021.2.18-mbe", "unity-2021.2.18-mbe", "{FDC6A6CA-1CBE-4739-85DC-F74D7A9CEF0D}"
EndProject
Project("{8BC9CEB8-8B4A-11D0-8D11-00A0C91BC942}") = "build-init", "unity-2021.2.18-mbe\msvc\build-init.vcxproj", "{BAD37A33-4E8F-4F47-80A5-F0D7C8146D5F}"
EndProject
Project("{8BC9CEB8-8B4A-11D0-8D11-00A0C91BC942}") = "eglib", "unity-2021.2.18-mbe\msvc\eglib.vcxproj", "{95B93620-D528-45CD-A482-FCA6CF8C7654}"
EndProject
Project("{8BC9CEB8-8B4A-11D0-8D11-00A0C91BC942}") = "genmdesc", "unity-2021.2.18-mbe\msvc\genmdesc.vcxproj", "{6310392F-224C-4509-9BE9-08158A66EAD2}"
EndProject
Project("{8BC9CEB8-8B4A-11D0-8D11-00A0C91BC942}") = "libgcbdwgc", "unity-2021.2.18-mbe\msvc\libgcbdwgc.vcxproj", "{D2663757-094D-4D44-9248-5F5E392E92D4}"
EndProject
Project("{8BC9CEB8-8B4A-11D0-8D11-00A0C91BC942}") = "libmono-dynamic", "unity-2021.2.18-mbe\msvc\libmono-dynamic.vcxproj", "{81F077EA-FFDD-4095-B197-7FE2166DE397}"
EndProject
Project("{2150E333-8FDC-42A3-9474-1A3956D46DE8}") = "unity-2021.2.18-mbe", "unity-2021.2.18-mbe", "{AAA17F01-4ADF-4759-83B3-58359A5F3853}"
EndProject
Project("{8BC9CEB8-8B4A-11D0-8D11-00A0C91BC942}") = "build-init", "unity-2021.2.18-mbe\msvc\build-init.vcxproj", "{9AC744B3-8590-47A2-866D-C5804EDDA834}"
EndProject
Project("{8BC9CEB8-8B4A-11D0-8D11-00A0C91BC942}") = "eglib", "unity-2021.2.18-mbe\msvc\eglib.vcxproj", "{8F4AE644-F23A-4B89-A9BA-04BEE1FDD615}"
EndProject
Project("{8BC9CEB8-8B4A-11D0-8D11-00A0C91BC942}") = "genmdesc", "unity-2021.2.18-mbe\msvc\genmdesc.vcxproj", "{8B42A12D-105F-4925-873C-9872B20CB00F}"
EndProject
Project("{8BC9CEB8-8B4A-11D0-8D11-00A0C91BC942}") = "libgcbdwgc", "unity-2021.2.18-mbe\msvc\libgcbdwgc.vcxproj", "{3A34CFFF-368D-4076-9784-4ED87A3267F5}"
EndProject
Project("{8BC9CEB8-8B4A-11D0-8D11-00A0C91BC942}") = "libmono-dynamic", "unity-2021.2.18-mbe\msvc\libmono-dynamic.vcxproj", "{C8E6C350-99FE-4204-BD1E-251596C7853B}"
EndProject
Project("{2150E333-8FDC-42A3-9474-1A3956D46DE8}") = "unity-2021.2.18-mbe", "unity-2021.2.18-mbe", "{0D866689-C40A-4867-9578-E5E6997A77B9}"
EndProject
Project("{8BC9CEB8-8B4A-11D0-8D11-00A0C91BC942}") = "build-init", "unity-2021.2.18-mbe\msvc\build-init.vcxproj", "{F152051F-F6AF-4512-95EC-BA626CB2E004}"
EndProject
Project("{8BC9CEB8-8B4A-11D0-8D11-00A0C91BC942}") = "eglib", "unity-2021.2.18-mbe\msvc\eglib.vcxproj", "{BF30F95C-2644-47DC-8BF3-A541530DBBEB}"
EndProject
Project("{8BC9CEB8-8B4A-11D0-8D11-00A0C91BC942}") = "genmdesc", "unity-2021.2.18-mbe\msvc\genmdesc.vcxproj", "{1BBA8424-7339-4729-8E5B-2277FFFC7349}"
EndProject
Project("{8BC9CEB8-8B4A-11D0-8D11-00A0C91BC942}") = "libgcbdwgc", "unity-2021.2.18-mbe\msvc\libgcbdwgc.vcxproj", "{9FA45B8C-4A5F-4787-872F-75E150EB3AEC}"
EndProject
Project("{8BC9CEB8-8B4A-11D0-8D11-00A0C91BC942}") = "libmono-dynamic", "unity-2021.2.18-mbe\msvc\libmono-dynamic.vcxproj", "{58081D69-BBD7-40BA-956C-E3302DA62D6E}"
EndProject
Project("{2150E333-8FDC-42A3-9474-1A3956D46DE8}") = "unity-2021.2.18-mbe", "unity-2021.2.18-mbe", "{F8960491-646A-4D46-8675-F372E94E4332}"
EndProject
Project("{8BC9CEB8-8B4A-11D0-8D11-00A0C91BC942}") = "build-init", "unity-2021.2.18-mbe\msvc\build-init.vcxproj", "{1240929B-C253-42D8-9C4D-D49375199ED6}"
EndProject
Project("{8BC9CEB8-8B4A-11D0-8D11-00A0C91BC942}") = "eglib", "unity-2021.2.18-mbe\msvc\eglib.vcxproj", "{750158C8-C16A-4D3C-89FF-E4E03F2909EC}"
EndProject
Project("{8BC9CEB8-8B4A-11D0-8D11-00A0C91BC942}") = "genmdesc", "unity-2021.2.18-mbe\msvc\genmdesc.vcxproj", "{77E9052F-23F5-4526-8CB2-1A89C08FE95D}"
EndProject
Project("{8BC9CEB8-8B4A-11D0-8D11-00A0C91BC942}") = "libgcbdwgc", "unity-2021.2.18-mbe\msvc\libgcbdwgc.vcxproj", "{6C201F5B-E0D4-4D89-8CD2-478BA997D509}"
EndProject
Project("{8BC9CEB8-8B4A-11D0-8D11-00A0C91BC942}") = "libmono-dynamic", "unity-2021.2.18-mbe\msvc\libmono-dynamic.vcxproj", "{53D26B59-DCF8-43FE-9F51-F3D02A8DCFA0}"
EndProject
Project("{2150E333-8FDC-42A3-9474-1A3956D46DE8}") = "unity-2021.2.18-mbe", "unity-2021.2.18-mbe", "{CC2FC045-3F65-42C4-8EFC-BA26A40505EA}"
EndProject
Project("{8BC9CEB8-8B4A-11D0-8D11-00A0C91BC942}") = "build-init", "unity-2021.2.18-mbe\msvc\build-init.vcxproj", "{728F514C-4214-4C5E-87AC-FE8A3869853D}"
EndProject
Project("{8BC9CEB8-8B4A-11D0-8D11-00A0C91BC942}") = "eglib", "unity-2021.2.18-mbe\msvc\eglib.vcxproj", "{1A12B2CC-6D34-43DB-95B0-CB17C61C6D9A}"
EndProject
Project("{8BC9CEB8-8B4A-11D0-8D11-00A0C91BC942}") = "genmdesc", "unity-2021.2.18-mbe\msvc\genmdesc.vcxproj", "{61B2727F-5FF1-462D-A35F-37C7BA03F36C}"
EndProject
Project("{8BC9CEB8-8B4A-11D0-8D11-00A0C91BC942}") = "libgcbdwgc", "unity-2021.2.18-mbe\msvc\libgcbdwgc.vcxproj", "{C2B04823-0FA1-4212-AD1A-E8361ECC496F}"
EndProject
Project("{8BC9CEB8-8B4A-11D0-8D11-00A0C91BC942}") = "libmono-dynamic", "unity-2021.2.18-mbe\msvc\libmono-dynamic.vcxproj", "{9567AD20-6188-458D-BBC7-9201EA7E79A3}"
EndProject
Project("{2150E333-8FDC-42A3-9474-1A3956D46DE8}") = "unity-2021.2.18-mbe", "unity-2021.2.18-mbe", "{C1F97A0B-47F2-48CB-9F62-3D414DEDE907}"
EndProject
Project("{8BC9CEB8-8B4A-11D0-8D11-00A0C91BC942}") = "build-init", "unity-2021.2.18-mbe\msvc\build-init.vcxproj", "{5B411AB4-7C73-4243-9522-47636DDA19CF}"
EndProject
Project("{8BC9CEB8-8B4A-11D0-8D11-00A0C91BC942}") = "eglib", "unity-2021.2.18-mbe\msvc\eglib.vcxproj", "{015B5C94-E179-4EDF-9455-D12E1E45E3F4}"
EndProject
Project("{8BC9CEB8-8B4A-11D0-8D11-00A0C91BC942}") = "genmdesc", "unity-2021.2.18-mbe\msvc\genmdesc.vcxproj", "{3C9A9CD6-394D-45D4-A124-232D13828837}"
EndProject
Project("{8BC9CEB8-8B4A-11D0-8D11-00A0C91BC942}") = "libgcbdwgc", "unity-2021.2.18-mbe\msvc\libgcbdwgc.vcxproj", "{FF3BBEC1-0CA4-47C1-8288-73CC59317342}"
EndProject
Project("{8BC9CEB8-8B4A-11D0-8D11-00A0C91BC942}") = "libmono-dynamic", "unity-2021.2.18-mbe\msvc\libmono-dynamic.vcxproj", "{2B327E60-D35E-4C3D-87C8-C1C2CD732EE2}"
EndProject
Project("{2150E333-8FDC-42A3-9474-1A3956D46DE8}") = "unity-2021.2.18-mbe", "unity-2021.2.18-mbe", "{A8D18588-05C4-4C21-82BC-9155EDFF35A5}"
EndProject
Project("{8BC9CEB8-8B4A-11D0-8D11-00A0C91BC942}") = "build-init", "unity-2021.2.18-mbe\msvc\build-init.vcxproj", "{6C1A5A04-B1F7-4501-96A4-D3647A967FDD}"
EndProject
Project("{8BC9CEB8-8B4A-11D0-8D11-00A0C91BC942}") = "eglib", "unity-2021.2.18-mbe\msvc\eglib.vcxproj", "{6E8623FC-8A22-48D9-902B-68AED7CDDD1E}"
EndProject
Project("{8BC9CEB8-8B4A-11D0-8D11-00A0C91BC942}") = "genmdesc", "unity-2021.2.18-mbe\msvc\genmdesc.vcxproj", "{AA0391A5-81DD-405E-B2F1-78F550578083}"
EndProject
Project("{8BC9CEB8-8B4A-11D0-8D11-00A0C91BC942}") = "libgcbdwgc", "unity-2021.2.18-mbe\msvc\libgcbdwgc.vcxproj", "{A787BAFE-E5B7-4C38-AEC7-6AA4910FE93C}"
EndProject
Project("{8BC9CEB8-8B4A-11D0-8D11-00A0C91BC942}") = "libmono-dynamic", "unity-2021.2.18-mbe\msvc\libmono-dynamic.vcxproj", "{99DCA72A-DDE7-419E-94C9-725BEADC7F2B}"
EndProject
Project("{2150E333-8FDC-42A3-9474-1A3956D46DE8}") = "unity-2021.2.18-mbe", "unity-2021.2.18-mbe", "{2697F731-0108-4C2D-B5BB-0FEB4AA177E8}"
EndProject
Project("{8BC9CEB8-8B4A-11D0-8D11-00A0C91BC942}") = "build-init", "unity-2021.2.18-mbe\msvc\build-init.vcxproj", "{0809E323-28D4-4EC9-9389-6E77D23A823A}"
EndProject
Project("{8BC9CEB8-8B4A-11D0-8D11-00A0C91BC942}") = "eglib", "unity-2021.2.18-mbe\msvc\eglib.vcxproj", "{E093CAD9-DB9A-4B5C-8FE3-C49B4054AA3F}"
EndProject
Project("{8BC9CEB8-8B4A-11D0-8D11-00A0C91BC942}") = "genmdesc", "unity-2021.2.18-mbe\msvc\genmdesc.vcxproj", "{63055D29-EE6C-49F8-A8DC-4A07D7E40953}"
EndProject
Project("{8BC9CEB8-8B4A-11D0-8D11-00A0C91BC942}") = "libgcbdwgc", "unity-2021.2.18-mbe\msvc\libgcbdwgc.vcxproj", "{69900B0E-92F1-4929-8C64-3F2497E3CB2F}"
EndProject
Project("{8BC9CEB8-8B4A-11D0-8D11-00A0C91BC942}") = "libmono-dynamic", "unity-2021.2.18-mbe\msvc\libmono-dynamic.vcxproj", "{0D63E38E-D12B-4F69-AA6E-478B797673FA}"
EndProject
Project("{2150E333-8FDC-42A3-9474-1A3956D46DE8}") = "unity-2021.2.18-mbe", "unity-2021.2.18-mbe", "{3FD80293-BB9A-48D2-B262-0A1A1D8D4A95}"
EndProject
Project("{8BC9CEB8-8B4A-11D0-8D11-00A0C91BC942}") = "build-init", "unity-2021.2.18-mbe\msvc\build-init.vcxproj", "{EF82DF97-DEFF-4203-8DCA-A5F09C74D119}"
EndProject
Project("{8BC9CEB8-8B4A-11D0-8D11-00A0C91BC942}") = "eglib", "unity-2021.2.18-mbe\msvc\eglib.vcxproj", "{8CE377E0-9743-4972-A696-0A41E4CA9314}"
EndProject
Project("{8BC9CEB8-8B4A-11D0-8D11-00A0C91BC942}") = "genmdesc", "unity-2021.2.18-mbe\msvc\genmdesc.vcxproj", "{306B1CDE-95F3-4ED8-8AA4-ED63E9ED928A}"
EndProject
Project("{8BC9CEB8-8B4A-11D0-8D11-00A0C91BC942}") = "libgcbdwgc", "unity-2021.2.18-mbe\msvc\libgcbdwgc.vcxproj", "{8F0D264F-A1B1-4959-B7D5-7428327DE9EE}"
EndProject
Project("{8BC9CEB8-8B4A-11D0-8D11-00A0C91BC942}") = "libmono-dynamic", "unity-2021.2.18-mbe\msvc\libmono-dynamic.vcxproj", "{5D2E5116-7ED6-433B-AE9A-F8B8E81EC381}"
EndProject
Project("{2150E333-8FDC-42A3-9474-1A3956D46DE8}") = "unity-2021.2.18-mbe", "unity-2021.2.18-mbe", "{A60BC4A3-E411-4DEA-BD55-961ADB77F68C}"
EndProject
Project("{8BC9CEB8-8B4A-11D0-8D11-00A0C91BC942}") = "build-init", "unity-2021.2.18-mbe\msvc\build-init.vcxproj", "{32A29CDE-BE3A-4527-983F-ED956ED67560}"
EndProject
Project("{8BC9CEB8-8B4A-11D0-8D11-00A0C91BC942}") = "eglib", "unity-2021.2.18-mbe\msvc\eglib.vcxproj", "{07405C31-4411-42BE-9A1A-CC9341DC5142}"
EndProject
Project("{8BC9CEB8-8B4A-11D0-8D11-00A0C91BC942}") = "genmdesc", "unity-2021.2.18-mbe\msvc\genmdesc.vcxproj", "{896CC215-3447-4069-9929-5247D969CA0A}"
EndProject
Project("{8BC9CEB8-8B4A-11D0-8D11-00A0C91BC942}") = "libgcbdwgc", "unity-2021.2.18-mbe\msvc\libgcbdwgc.vcxproj", "{69043203-4BCC-4BC9-AF28-98F95DADFB6E}"
EndProject
Project("{8BC9CEB8-8B4A-11D0-8D11-00A0C91BC942}") = "libmono-dynamic", "unity-2021.2.18-mbe\msvc\libmono-dynamic.vcxproj", "{EDA1F9EC-2384-4E7C-95DB-101ABF576D0D}"
EndProject
Global
	GlobalSection(SolutionConfigurationPlatforms) = preSolution
		Debug|x64 = Debug|x64
		Debug|x86 = Debug|x86
		Release|x64 = Release|x64
		Release|x86 = Release|x86
	EndGlobalSection
	GlobalSection(ProjectConfigurationPlatforms) = postSolution
		{A59E08B4-D48D-40E4-9927-401E0351F4F0}.Debug|x64.ActiveCfg = Debug|x64
		{A59E08B4-D48D-40E4-9927-401E0351F4F0}.Debug|x64.Build.0 = Debug|x64
		{A59E08B4-D48D-40E4-9927-401E0351F4F0}.Debug|x86.ActiveCfg = Debug|Win32
		{A59E08B4-D48D-40E4-9927-401E0351F4F0}.Debug|x86.Build.0 = Debug|Win32
		{A59E08B4-D48D-40E4-9927-401E0351F4F0}.Release|x64.ActiveCfg = Release|x64
		{A59E08B4-D48D-40E4-9927-401E0351F4F0}.Release|x64.Build.0 = Release|x64
		{A59E08B4-D48D-40E4-9927-401E0351F4F0}.Release|x86.ActiveCfg = Release|Win32
		{A59E08B4-D48D-40E4-9927-401E0351F4F0}.Release|x86.Build.0 = Release|Win32
		{9EBBC316-804C-483E-A67C-53A4CEFC886D}.Debug|x64.ActiveCfg = Debug|x64
		{9EBBC316-804C-483E-A67C-53A4CEFC886D}.Debug|x64.Build.0 = Debug|x64
		{9EBBC316-804C-483E-A67C-53A4CEFC886D}.Debug|x86.ActiveCfg = Debug|Win32
		{9EBBC316-804C-483E-A67C-53A4CEFC886D}.Debug|x86.Build.0 = Debug|Win32
		{9EBBC316-804C-483E-A67C-53A4CEFC886D}.Release|x64.ActiveCfg = Release|x64
		{9EBBC316-804C-483E-A67C-53A4CEFC886D}.Release|x64.Build.0 = Release|x64
		{9EBBC316-804C-483E-A67C-53A4CEFC886D}.Release|x86.ActiveCfg = Release|Win32
		{9EBBC316-804C-483E-A67C-53A4CEFC886D}.Release|x86.Build.0 = Release|Win32
		{A5161366-8160-4FED-A662-29D324D40534}.Debug|x64.ActiveCfg = Debug|x64
		{A5161366-8160-4FED-A662-29D324D40534}.Debug|x64.Build.0 = Debug|x64
		{A5161366-8160-4FED-A662-29D324D40534}.Debug|x86.ActiveCfg = Debug|Win32
		{A5161366-8160-4FED-A662-29D324D40534}.Debug|x86.Build.0 = Debug|Win32
		{A5161366-8160-4FED-A662-29D324D40534}.Release|x64.ActiveCfg = Release|x64
		{A5161366-8160-4FED-A662-29D324D40534}.Release|x64.Build.0 = Release|x64
		{A5161366-8160-4FED-A662-29D324D40534}.Release|x86.ActiveCfg = Release|Win32
		{A5161366-8160-4FED-A662-29D324D40534}.Release|x86.Build.0 = Release|Win32
		{572C03B7-520B-4A8C-AA17-0AE0F1687A78}.Debug|x64.ActiveCfg = Debug|x64
		{572C03B7-520B-4A8C-AA17-0AE0F1687A78}.Debug|x64.Build.0 = Debug|x64
		{572C03B7-520B-4A8C-AA17-0AE0F1687A78}.Debug|x86.ActiveCfg = Debug|Win32
		{572C03B7-520B-4A8C-AA17-0AE0F1687A78}.Debug|x86.Build.0 = Debug|Win32
		{572C03B7-520B-4A8C-AA17-0AE0F1687A78}.Release|x64.ActiveCfg = Release|x64
		{572C03B7-520B-4A8C-AA17-0AE0F1687A78}.Release|x64.Build.0 = Release|x64
		{572C03B7-520B-4A8C-AA17-0AE0F1687A78}.Release|x86.ActiveCfg = Release|Win32
		{572C03B7-520B-4A8C-AA17-0AE0F1687A78}.Release|x86.Build.0 = Release|Win32
		{94A4CCDA-420F-43F7-B85F-1120DA48BCAC}.Debug|x64.ActiveCfg = Debug|x64
		{94A4CCDA-420F-43F7-B85F-1120DA48BCAC}.Debug|x64.Build.0 = Debug|x64
		{94A4CCDA-420F-43F7-B85F-1120DA48BCAC}.Debug|x86.ActiveCfg = Debug|Win32
		{94A4CCDA-420F-43F7-B85F-1120DA48BCAC}.Debug|x86.Build.0 = Debug|Win32
		{94A4CCDA-420F-43F7-B85F-1120DA48BCAC}.Release|x64.ActiveCfg = Release|x64
		{94A4CCDA-420F-43F7-B85F-1120DA48BCAC}.Release|x64.Build.0 = Release|x64
		{94A4CCDA-420F-43F7-B85F-1120DA48BCAC}.Release|x86.ActiveCfg = Release|Win32
		{94A4CCDA-420F-43F7-B85F-1120DA48BCAC}.Release|x86.Build.0 = Release|Win32
		{3F516E9B-9DCE-4B1E-93B1-32E56F1AA1BE}.Debug|x64.ActiveCfg = Debug|x64
		{3F516E9B-9DCE-4B1E-93B1-32E56F1AA1BE}.Debug|x64.Build.0 = Debug|x64
		{3F516E9B-9DCE-4B1E-93B1-32E56F1AA1BE}.Debug|x86.ActiveCfg = Debug|Win32
		{3F516E9B-9DCE-4B1E-93B1-32E56F1AA1BE}.Debug|x86.Build.0 = Debug|Win32
		{3F516E9B-9DCE-4B1E-93B1-32E56F1AA1BE}.Release|x64.ActiveCfg = Release|x64
		{3F516E9B-9DCE-4B1E-93B1-32E56F1AA1BE}.Release|x64.Build.0 = Release|x64
		{3F516E9B-9DCE-4B1E-93B1-32E56F1AA1BE}.Release|x86.ActiveCfg = Release|Win32
		{3F516E9B-9DCE-4B1E-93B1-32E56F1AA1BE}.Release|x86.Build.0 = Release|Win32
		{39C758D8-48B8-4A40-ACA6-7CC5CA4E89CD}.Debug|x64.ActiveCfg = Debug|x64
		{39C758D8-48B8-4A40-ACA6-7CC5CA4E89CD}.Debug|x64.Build.0 = Debug|x64
		{39C758D8-48B8-4A40-ACA6-7CC5CA4E89CD}.Debug|x86.ActiveCfg = Debug|Win32
		{39C758D8-48B8-4A40-ACA6-7CC5CA4E89CD}.Debug|x86.Build.0 = Debug|Win32
		{39C758D8-48B8-4A40-ACA6-7CC5CA4E89CD}.Release|x64.ActiveCfg = Release|x64
		{39C758D8-48B8-4A40-ACA6-7CC5CA4E89CD}.Release|x64.Build.0 = Release|x64
		{39C758D8-48B8-4A40-ACA6-7CC5CA4E89CD}.Release|x86.ActiveCfg = Release|Win32
		{39C758D8-48B8-4A40-ACA6-7CC5CA4E89CD}.Release|x86.Build.0 = Release|Win32
		{230479A5-25D5-403D-90F9-89B816EB7862}.Debug|x64.ActiveCfg = Debug|x64
		{230479A5-25D5-403D-90F9-89B816EB7862}.Debug|x64.Build.0 = Debug|x64
		{230479A5-25D5-403D-90F9-89B816EB7862}.Debug|x86.ActiveCfg = Debug|Win32
		{230479A5-25D5-403D-90F9-89B816EB7862}.Debug|x86.Build.0 = Debug|Win32
		{230479A5-25D5-403D-90F9-89B816EB7862}.Release|x64.ActiveCfg = Release|x64
		{230479A5-25D5-403D-90F9-89B816EB7862}.Release|x64.Build.0 = Release|x64
		{230479A5-25D5-403D-90F9-89B816EB7862}.Release|x86.ActiveCfg = Release|Win32
		{230479A5-25D5-403D-90F9-89B816EB7862}.Release|x86.Build.0 = Release|Win32
		{15C19E46-FB49-479B-90D3-D439AEA5A64D}.Debug|x64.ActiveCfg = Debug|x64
		{15C19E46-FB49-479B-90D3-D439AEA5A64D}.Debug|x64.Build.0 = Debug|x64
		{15C19E46-FB49-479B-90D3-D439AEA5A64D}.Debug|x86.ActiveCfg = Debug|Win32
		{15C19E46-FB49-479B-90D3-D439AEA5A64D}.Debug|x86.Build.0 = Debug|Win32
		{15C19E46-FB49-479B-90D3-D439AEA5A64D}.Release|x64.ActiveCfg = Release|x64
		{15C19E46-FB49-479B-90D3-D439AEA5A64D}.Release|x64.Build.0 = Release|x64
		{15C19E46-FB49-479B-90D3-D439AEA5A64D}.Release|x86.ActiveCfg = Release|Win32
		{15C19E46-FB49-479B-90D3-D439AEA5A64D}.Release|x86.Build.0 = Release|Win32
		{7BE9804D-6743-4718-BCDB-4FBB21F5E42A}.Debug|x64.ActiveCfg = Debug|x64
		{7BE9804D-6743-4718-BCDB-4FBB21F5E42A}.Debug|x64.Build.0 = Debug|x64
		{7BE9804D-6743-4718-BCDB-4FBB21F5E42A}.Debug|x86.ActiveCfg = Debug|Win32
		{7BE9804D-6743-4718-BCDB-4FBB21F5E42A}.Debug|x86.Build.0 = Debug|Win32
		{7BE9804D-6743-4718-BCDB-4FBB21F5E42A}.Release|x64.ActiveCfg = Release|x64
		{7BE9804D-6743-4718-BCDB-4FBB21F5E42A}.Release|x64.Build.0 = Release|x64
		{7BE9804D-6743-4718-BCDB-4FBB21F5E42A}.Release|x86.ActiveCfg = Release|Win32
		{7BE9804D-6743-4718-BCDB-4FBB21F5E42A}.Release|x86.Build.0 = Release|Win32
		{7EFAB678-4B35-4577-A860-63E6F60B4D4A}.Debug|x64.ActiveCfg = Debug|x64
		{7EFAB678-4B35-4577-A860-63E6F60B4D4A}.Debug|x64.Build.0 = Debug|x64
		{7EFAB678-4B35-4577-A860-63E6F60B4D4A}.Debug|x86.ActiveCfg = Debug|Win32
		{7EFAB678-4B35-4577-A860-63E6F60B4D4A}.Debug|x86.Build.0 = Debug|Win32
		{7EFAB678-4B35-4577-A860-63E6F60B4D4A}.Release|x64.ActiveCfg = Release|x64
		{7EFAB678-4B35-4577-A860-63E6F60B4D4A}.Release|x64.Build.0 = Release|x64
		{7EFAB678-4B35-4577-A860-63E6F60B4D4A}.Release|x86.ActiveCfg = Release|Win32
		{7EFAB678-4B35-4577-A860-63E6F60B4D4A}.Release|x86.Build.0 = Release|Win32
		{38B13BFA-EEC4-4216-9FF1-F414C00A9A3A}.Debug|x64.ActiveCfg = Debug|x64
		{38B13BFA-EEC4-4216-9FF1-F414C00A9A3A}.Debug|x64.Build.0 = Debug|x64
		{38B13BFA-EEC4-4216-9FF1-F414C00A9A3A}.Debug|x86.ActiveCfg = Debug|Win32
		{38B13BFA-EEC4-4216-9FF1-F414C00A9A3A}.Debug|x86.Build.0 = Debug|Win32
		{38B13BFA-EEC4-4216-9FF1-F414C00A9A3A}.Release|x64.ActiveCfg = Release|x64
		{38B13BFA-EEC4-4216-9FF1-F414C00A9A3A}.Release|x64.Build.0 = Release|x64
		{38B13BFA-EEC4-4216-9FF1-F414C00A9A3A}.Release|x86.ActiveCfg = Release|Win32
		{38B13BFA-EEC4-4216-9FF1-F414C00A9A3A}.Release|x86.Build.0 = Release|Win32
		{1F7D57A2-5700-4C77-87A2-4735C4FCFAE2}.Debug|x64.ActiveCfg = Debug|x64
		{1F7D57A2-5700-4C77-87A2-4735C4FCFAE2}.Debug|x64.Build.0 = Debug|x64
		{1F7D57A2-5700-4C77-87A2-4735C4FCFAE2}.Debug|x86.ActiveCfg = Debug|Win32
		{1F7D57A2-5700-4C77-87A2-4735C4FCFAE2}.Debug|x86.Build.0 = Debug|Win32
		{1F7D57A2-5700-4C77-87A2-4735C4FCFAE2}.Release|x64.ActiveCfg = Release|x64
		{1F7D57A2-5700-4C77-87A2-4735C4FCFAE2}.Release|x64.Build.0 = Release|x64
		{1F7D57A2-5700-4C77-87A2-4735C4FCFAE2}.Release|x86.ActiveCfg = Release|Win32
		{1F7D57A2-5700-4C77-87A2-4735C4FCFAE2}.Release|x86.Build.0 = Release|Win32
		{5C3D8781-3715-4D0E-807E-7E810ADD091A}.Debug|x64.ActiveCfg = Debug|x64
		{5C3D8781-3715-4D0E-807E-7E810ADD091A}.Debug|x64.Build.0 = Debug|x64
		{5C3D8781-3715-4D0E-807E-7E810ADD091A}.Debug|x86.ActiveCfg = Debug|Win32
		{5C3D8781-3715-4D0E-807E-7E810ADD091A}.Debug|x86.Build.0 = Debug|Win32
		{5C3D8781-3715-4D0E-807E-7E810ADD091A}.Release|x64.ActiveCfg = Release|x64
		{5C3D8781-3715-4D0E-807E-7E810ADD091A}.Release|x64.Build.0 = Release|x64
		{5C3D8781-3715-4D0E-807E-7E810ADD091A}.Release|x86.ActiveCfg = Release|Win32
		{5C3D8781-3715-4D0E-807E-7E810ADD091A}.Release|x86.Build.0 = Release|Win32
		{3C603C08-8FD5-4C60-9670-DE1BD5FDA3FB}.Debug|x64.ActiveCfg = Debug|x64
		{3C603C08-8FD5-4C60-9670-DE1BD5FDA3FB}.Debug|x64.Build.0 = Debug|x64
		{3C603C08-8FD5-4C60-9670-DE1BD5FDA3FB}.Debug|x86.ActiveCfg = Debug|Win32
		{3C603C08-8FD5-4C60-9670-DE1BD5FDA3FB}.Debug|x86.Build.0 = Debug|Win32
		{3C603C08-8FD5-4C60-9670-DE1BD5FDA3FB}.Release|x64.ActiveCfg = Release|x64
		{3C603C08-8FD5-4C60-9670-DE1BD5FDA3FB}.Release|x64.Build.0 = Release|x64
		{3C603C08-8FD5-4C60-9670-DE1BD5FDA3FB}.Release|x86.ActiveCfg = Release|Win32
		{3C603C08-8FD5-4C60-9670-DE1BD5FDA3FB}.Release|x86.Build.0 = Release|Win32
		{A1A45E6F-0840-40DA-9995-19FB994D2C47}.Debug|x64.ActiveCfg = Debug|x64
		{A1A45E6F-0840-40DA-9995-19FB994D2C47}.Debug|x64.Build.0 = Debug|x64
		{A1A45E6F-0840-40DA-9995-19FB994D2C47}.Debug|x86.ActiveCfg = Debug|Win32
		{A1A45E6F-0840-40DA-9995-19FB994D2C47}.Debug|x86.Build.0 = Debug|Win32
		{A1A45E6F-0840-40DA-9995-19FB994D2C47}.Release|x64.ActiveCfg = Release|x64
		{A1A45E6F-0840-40DA-9995-19FB994D2C47}.Release|x64.Build.0 = Release|x64
		{A1A45E6F-0840-40DA-9995-19FB994D2C47}.Release|x86.ActiveCfg = Release|Win32
		{A1A45E6F-0840-40DA-9995-19FB994D2C47}.Release|x86.Build.0 = Release|Win32
		{C2EC44AC-3C63-4585-A208-C0924479AAE8}.Debug|x64.ActiveCfg = Debug|x64
		{C2EC44AC-3C63-4585-A208-C0924479AAE8}.Debug|x64.Build.0 = Debug|x64
		{C2EC44AC-3C63-4585-A208-C0924479AAE8}.Debug|x86.ActiveCfg = Debug|Win32
		{C2EC44AC-3C63-4585-A208-C0924479AAE8}.Debug|x86.Build.0 = Debug|Win32
		{C2EC44AC-3C63-4585-A208-C0924479AAE8}.Release|x64.ActiveCfg = Release|x64
		{C2EC44AC-3C63-4585-A208-C0924479AAE8}.Release|x64.Build.0 = Release|x64
		{C2EC44AC-3C63-4585-A208-C0924479AAE8}.Release|x86.ActiveCfg = Release|Win32
		{C2EC44AC-3C63-4585-A208-C0924479AAE8}.Release|x86.Build.0 = Release|Win32
		{76B17A0A-1169-4CE3-9F4D-AC28D26BBC3E}.Debug|x64.ActiveCfg = Debug|x64
		{76B17A0A-1169-4CE3-9F4D-AC28D26BBC3E}.Debug|x64.Build.0 = Debug|x64
		{76B17A0A-1169-4CE3-9F4D-AC28D26BBC3E}.Debug|x86.ActiveCfg = Debug|Win32
		{76B17A0A-1169-4CE3-9F4D-AC28D26BBC3E}.Debug|x86.Build.0 = Debug|Win32
		{76B17A0A-1169-4CE3-9F4D-AC28D26BBC3E}.Release|x64.ActiveCfg = Release|x64
		{76B17A0A-1169-4CE3-9F4D-AC28D26BBC3E}.Release|x64.Build.0 = Release|x64
		{76B17A0A-1169-4CE3-9F4D-AC28D26BBC3E}.Release|x86.ActiveCfg = Release|Win32
		{76B17A0A-1169-4CE3-9F4D-AC28D26BBC3E}.Release|x86.Build.0 = Release|Win32
		{579C60FC-5F35-4AC8-8A56-41CBC7B6EAA2}.Debug|x64.ActiveCfg = Debug|x64
		{579C60FC-5F35-4AC8-8A56-41CBC7B6EAA2}.Debug|x64.Build.0 = Debug|x64
		{579C60FC-5F35-4AC8-8A56-41CBC7B6EAA2}.Debug|x86.ActiveCfg = Debug|Win32
		{579C60FC-5F35-4AC8-8A56-41CBC7B6EAA2}.Debug|x86.Build.0 = Debug|Win32
		{579C60FC-5F35-4AC8-8A56-41CBC7B6EAA2}.Release|x64.ActiveCfg = Release|x64
		{579C60FC-5F35-4AC8-8A56-41CBC7B6EAA2}.Release|x64.Build.0 = Release|x64
		{579C60FC-5F35-4AC8-8A56-41CBC7B6EAA2}.Release|x86.ActiveCfg = Release|Win32
		{579C60FC-5F35-4AC8-8A56-41CBC7B6EAA2}.Release|x86.Build.0 = Release|Win32
		{5DBC74E5-992B-450D-9CF5-B0C128336D2C}.Debug|x64.ActiveCfg = Debug|x64
		{5DBC74E5-992B-450D-9CF5-B0C128336D2C}.Debug|x64.Build.0 = Debug|x64
		{5DBC74E5-992B-450D-9CF5-B0C128336D2C}.Debug|x86.ActiveCfg = Debug|Win32
		{5DBC74E5-992B-450D-9CF5-B0C128336D2C}.Debug|x86.Build.0 = Debug|Win32
		{5DBC74E5-992B-450D-9CF5-B0C128336D2C}.Release|x64.ActiveCfg = Release|x64
		{5DBC74E5-992B-450D-9CF5-B0C128336D2C}.Release|x64.Build.0 = Release|x64
		{5DBC74E5-992B-450D-9CF5-B0C128336D2C}.Release|x86.ActiveCfg = Release|Win32
		{5DBC74E5-992B-450D-9CF5-B0C128336D2C}.Release|x86.Build.0 = Release|Win32
		{96E733D5-A7E4-477E-A7A7-042825CB3B31}.Debug|x64.ActiveCfg = Debug|x64
		{96E733D5-A7E4-477E-A7A7-042825CB3B31}.Debug|x64.Build.0 = Debug|x64
		{96E733D5-A7E4-477E-A7A7-042825CB3B31}.Debug|x86.ActiveCfg = Debug|Win32
		{96E733D5-A7E4-477E-A7A7-042825CB3B31}.Debug|x86.Build.0 = Debug|Win32
		{96E733D5-A7E4-477E-A7A7-042825CB3B31}.Release|x64.ActiveCfg = Release|x64
		{96E733D5-A7E4-477E-A7A7-042825CB3B31}.Release|x64.Build.0 = Release|x64
		{96E733D5-A7E4-477E-A7A7-042825CB3B31}.Release|x86.ActiveCfg = Release|Win32
		{96E733D5-A7E4-477E-A7A7-042825CB3B31}.Release|x86.Build.0 = Release|Win32
		{83FF84A4-C7D2-4A45-8F54-79616D74B51D}.Debug|x64.ActiveCfg = Debug|x64
		{83FF84A4-C7D2-4A45-8F54-79616D74B51D}.Debug|x64.Build.0 = Debug|x64
		{83FF84A4-C7D2-4A45-8F54-79616D74B51D}.Debug|x86.ActiveCfg = Debug|Win32
		{83FF84A4-C7D2-4A45-8F54-79616D74B51D}.Debug|x86.Build.0 = Debug|Win32
		{83FF84A4-C7D2-4A45-8F54-79616D74B51D}.Release|x64.ActiveCfg = Release|x64
		{83FF84A4-C7D2-4A45-8F54-79616D74B51D}.Release|x64.Build.0 = Release|x64
		{83FF84A4-C7D2-4A45-8F54-79616D74B51D}.Release|x86.ActiveCfg = Release|Win32
		{83FF84A4-C7D2-4A45-8F54-79616D74B51D}.Release|x86.Build.0 = Release|Win32
		{A1C69911-60A6-4098-B58F-3A6FC88BA7DE}.Debug|x64.ActiveCfg = Debug|x64
		{A1C69911-60A6-4098-B58F-3A6FC88BA7DE}.Debug|x64.Build.0 = Debug|x64
		{A1C69911-60A6-4098-B58F-3A6FC88BA7DE}.Debug|x86.ActiveCfg = Debug|Win32
		{A1C69911-60A6-4098-B58F-3A6FC88BA7DE}.Debug|x86.Build.0 = Debug|Win32
		{A1C69911-60A6-4098-B58F-3A6FC88BA7DE}.Release|x64.ActiveCfg = Release|x64
		{A1C69911-60A6-4098-B58F-3A6FC88BA7DE}.Release|x64.Build.0 = Release|x64
		{A1C69911-60A6-4098-B58F-3A6FC88BA7DE}.Release|x86.ActiveCfg = Release|Win32
		{A1C69911-60A6-4098-B58F-3A6FC88BA7DE}.Release|x86.Build.0 = Release|Win32
		{8D695A2B-2A3F-40C3-8731-5D38A0A108F5}.Debug|x64.ActiveCfg = Debug|x64
		{8D695A2B-2A3F-40C3-8731-5D38A0A108F5}.Debug|x64.Build.0 = Debug|x64
		{8D695A2B-2A3F-40C3-8731-5D38A0A108F5}.Debug|x86.ActiveCfg = Debug|Win32
		{8D695A2B-2A3F-40C3-8731-5D38A0A108F5}.Debug|x86.Build.0 = Debug|Win32
		{8D695A2B-2A3F-40C3-8731-5D38A0A108F5}.Release|x64.ActiveCfg = Release|x64
		{8D695A2B-2A3F-40C3-8731-5D38A0A108F5}.Release|x64.Build.0 = Release|x64
		{8D695A2B-2A3F-40C3-8731-5D38A0A108F5}.Release|x86.ActiveCfg = Release|Win32
		{8D695A2B-2A3F-40C3-8731-5D38A0A108F5}.Release|x86.Build.0 = Release|Win32
		{C2D35960-9A74-43F2-B8B7-F9BD788BE208}.Debug|x64.ActiveCfg = Debug|x64
		{C2D35960-9A74-43F2-B8B7-F9BD788BE208}.Debug|x64.Build.0 = Debug|x64
		{C2D35960-9A74-43F2-B8B7-F9BD788BE208}.Debug|x86.ActiveCfg = Debug|Win32
		{C2D35960-9A74-43F2-B8B7-F9BD788BE208}.Debug|x86.Build.0 = Debug|Win32
		{C2D35960-9A74-43F2-B8B7-F9BD788BE208}.Release|x64.ActiveCfg = Release|x64
		{C2D35960-9A74-43F2-B8B7-F9BD788BE208}.Release|x64.Build.0 = Release|x64
		{C2D35960-9A74-43F2-B8B7-F9BD788BE208}.Release|x86.ActiveCfg = Release|Win32
		{C2D35960-9A74-43F2-B8B7-F9BD788BE208}.Release|x86.Build.0 = Release|Win32
		{CED47A5D-08D2-46B6-A323-E887F3D9397C}.Debug|x64.ActiveCfg = Debug|x64
		{CED47A5D-08D2-46B6-A323-E887F3D9397C}.Debug|x64.Build.0 = Debug|x64
		{CED47A5D-08D2-46B6-A323-E887F3D9397C}.Debug|x86.ActiveCfg = Debug|Win32
		{CED47A5D-08D2-46B6-A323-E887F3D9397C}.Debug|x86.Build.0 = Debug|Win32
		{CED47A5D-08D2-46B6-A323-E887F3D9397C}.Release|x64.ActiveCfg = Release|x64
		{CED47A5D-08D2-46B6-A323-E887F3D9397C}.Release|x64.Build.0 = Release|x64
		{CED47A5D-08D2-46B6-A323-E887F3D9397C}.Release|x86.ActiveCfg = Release|Win32
		{CED47A5D-08D2-46B6-A323-E887F3D9397C}.Release|x86.Build.0 = Release|Win32
		{291E5491-8D89-47CB-BA47-4CF24C2AE485}.Debug|x64.ActiveCfg = Debug|x64
		{291E5491-8D89-47CB-BA47-4CF24C2AE485}.Debug|x64.Build.0 = Debug|x64
		{291E5491-8D89-47CB-BA47-4CF24C2AE485}.Debug|x86.ActiveCfg = Debug|Win32
		{291E5491-8D89-47CB-BA47-4CF24C2AE485}.Debug|x86.Build.0 = Debug|Win32
		{291E5491-8D89-47CB-BA47-4CF24C2AE485}.Release|x64.ActiveCfg = Release|x64
		{291E5491-8D89-47CB-BA47-4CF24C2AE485}.Release|x64.Build.0 = Release|x64
		{291E5491-8D89-47CB-BA47-4CF24C2AE485}.Release|x86.ActiveCfg = Release|Win32
		{291E5491-8D89-47CB-BA47-4CF24C2AE485}.Release|x86.Build.0 = Release|Win32
		{12AC2D40-DD07-4D64-AA41-37851FD73017}.Debug|x64.ActiveCfg = Debug|x64
		{12AC2D40-DD07-4D64-AA41-37851FD73017}.Debug|x64.Build.0 = Debug|x64
		{12AC2D40-DD07-4D64-AA41-37851FD73017}.Debug|x86.ActiveCfg = Debug|Win32
		{12AC2D40-DD07-4D64-AA41-37851FD73017}.Debug|x86.Build.0 = Debug|Win32
		{12AC2D40-DD07-4D64-AA41-37851FD73017}.Release|x64.ActiveCfg = Release|x64
		{12AC2D40-DD07-4D64-AA41-37851FD73017}.Release|x64.Build.0 = Release|x64
		{12AC2D40-DD07-4D64-AA41-37851FD73017}.Release|x86.ActiveCfg = Release|Win32
		{12AC2D40-DD07-4D64-AA41-37851FD73017}.Release|x86.Build.0 = Release|Win32
		{E726C02E-02C4-4F41-AD3A-6BB9D5D0F1B9}.Debug|x64.ActiveCfg = Debug|x64
		{E726C02E-02C4-4F41-AD3A-6BB9D5D0F1B9}.Debug|x64.Build.0 = Debug|x64
		{E726C02E-02C4-4F41-AD3A-6BB9D5D0F1B9}.Debug|x86.ActiveCfg = Debug|Win32
		{E726C02E-02C4-4F41-AD3A-6BB9D5D0F1B9}.Debug|x86.Build.0 = Debug|Win32
		{E726C02E-02C4-4F41-AD3A-6BB9D5D0F1B9}.Release|x64.ActiveCfg = Release|x64
		{E726C02E-02C4-4F41-AD3A-6BB9D5D0F1B9}.Release|x64.Build.0 = Release|x64
		{E726C02E-02C4-4F41-AD3A-6BB9D5D0F1B9}.Release|x86.ActiveCfg = Release|Win32
		{E726C02E-02C4-4F41-AD3A-6BB9D5D0F1B9}.Release|x86.Build.0 = Release|Win32
		{21EB6EBC-1C2E-4A9D-948C-FD366441372A}.Debug|x64.ActiveCfg = Debug|x64
		{21EB6EBC-1C2E-4A9D-948C-FD366441372A}.Debug|x64.Build.0 = Debug|x64
		{21EB6EBC-1C2E-4A9D-948C-FD366441372A}.Debug|x86.ActiveCfg = Debug|Win32
		{21EB6EBC-1C2E-4A9D-948C-FD366441372A}.Debug|x86.Build.0 = Debug|Win32
		{21EB6EBC-1C2E-4A9D-948C-FD366441372A}.Release|x64.ActiveCfg = Release|x64
		{21EB6EBC-1C2E-4A9D-948C-FD366441372A}.Release|x64.Build.0 = Release|x64
		{21EB6EBC-1C2E-4A9D-948C-FD366441372A}.Release|x86.ActiveCfg = Release|Win32
		{21EB6EBC-1C2E-4A9D-948C-FD366441372A}.Release|x86.Build.0 = Release|Win32
		{780D0B14-4864-421D-BD74-74CB9BCD55F5}.Debug|x64.ActiveCfg = Debug|x64
		{780D0B14-4864-421D-BD74-74CB9BCD55F5}.Debug|x64.Build.0 = Debug|x64
		{780D0B14-4864-421D-BD74-74CB9BCD55F5}.Debug|x86.ActiveCfg = Debug|Win32
		{780D0B14-4864-421D-BD74-74CB9BCD55F5}.Debug|x86.Build.0 = Debug|Win32
		{780D0B14-4864-421D-BD74-74CB9BCD55F5}.Release|x64.ActiveCfg = Release|x64
		{780D0B14-4864-421D-BD74-74CB9BCD55F5}.Release|x64.Build.0 = Release|x64
		{780D0B14-4864-421D-BD74-74CB9BCD55F5}.Release|x86.ActiveCfg = Release|Win32
		{780D0B14-4864-421D-BD74-74CB9BCD55F5}.Release|x86.Build.0 = Release|Win32
		{7D9E02E7-CA47-409B-AC66-D8BDAF3A405C}.Debug|x64.ActiveCfg = Debug|x64
		{7D9E02E7-CA47-409B-AC66-D8BDAF3A405C}.Debug|x64.Build.0 = Debug|x64
		{7D9E02E7-CA47-409B-AC66-D8BDAF3A405C}.Debug|x86.ActiveCfg = Debug|Win32
		{7D9E02E7-CA47-409B-AC66-D8BDAF3A405C}.Debug|x86.Build.0 = Debug|Win32
		{7D9E02E7-CA47-409B-AC66-D8BDAF3A405C}.Release|x64.ActiveCfg = Release|x64
		{7D9E02E7-CA47-409B-AC66-D8BDAF3A405C}.Release|x64.Build.0 = Release|x64
		{7D9E02E7-CA47-409B-AC66-D8BDAF3A405C}.Release|x86.ActiveCfg = Release|Win32
		{7D9E02E7-CA47-409B-AC66-D8BDAF3A405C}.Release|x86.Build.0 = Release|Win32
		{EB04E6E3-7F41-411C-B20F-41384C353E26}.Debug|x64.ActiveCfg = Debug|x64
		{EB04E6E3-7F41-411C-B20F-41384C353E26}.Debug|x64.Build.0 = Debug|x64
		{EB04E6E3-7F41-411C-B20F-41384C353E26}.Debug|x86.ActiveCfg = Debug|Win32
		{EB04E6E3-7F41-411C-B20F-41384C353E26}.Debug|x86.Build.0 = Debug|Win32
		{EB04E6E3-7F41-411C-B20F-41384C353E26}.Release|x64.ActiveCfg = Release|x64
		{EB04E6E3-7F41-411C-B20F-41384C353E26}.Release|x64.Build.0 = Release|x64
		{EB04E6E3-7F41-411C-B20F-41384C353E26}.Release|x86.ActiveCfg = Release|Win32
		{EB04E6E3-7F41-411C-B20F-41384C353E26}.Release|x86.Build.0 = Release|Win32
		{BB0E1AC3-7D9E-448D-BA58-59194E90B33B}.Debug|x64.ActiveCfg = Debug|x64
		{BB0E1AC3-7D9E-448D-BA58-59194E90B33B}.Debug|x64.Build.0 = Debug|x64
		{BB0E1AC3-7D9E-448D-BA58-59194E90B33B}.Debug|x86.ActiveCfg = Debug|Win32
		{BB0E1AC3-7D9E-448D-BA58-59194E90B33B}.Debug|x86.Build.0 = Debug|Win32
		{BB0E1AC3-7D9E-448D-BA58-59194E90B33B}.Release|x64.ActiveCfg = Release|x64
		{BB0E1AC3-7D9E-448D-BA58-59194E90B33B}.Release|x64.Build.0 = Release|x64
		{BB0E1AC3-7D9E-448D-BA58-59194E90B33B}.Release|x86.ActiveCfg = Release|Win32
		{BB0E1AC3-7D9E-448D-BA58-59194E90B33B}.Release|x86.Build.0 = Release|Win32
		{A406674F-8315-4390-B684-6750978675ED}.Debug|x64.ActiveCfg = Debug|x64
		{A406674F-8315-4390-B684-6750978675ED}.Debug|x64.Build.0 = Debug|x64
		{A406674F-8315-4390-B684-6750978675ED}.Debug|x86.ActiveCfg = Debug|Win32
		{A406674F-8315-4390-B684-6750978675ED}.Debug|x86.Build.0 = Debug|Win32
		{A406674F-8315-4390-B684-6750978675ED}.Release|x64.ActiveCfg = Release|x64
		{A406674F-8315-4390-B684-6750978675ED}.Release|x64.Build.0 = Release|x64
		{A406674F-8315-4390-B684-6750978675ED}.Release|x86.ActiveCfg = Release|Win32
		{A406674F-8315-4390-B684-6750978675ED}.Release|x86.Build.0 = Release|Win32
		{9D0192A7-9357-455C-9A21-33E061EC620A}.Debug|x64.ActiveCfg = Debug|x64
		{9D0192A7-9357-455C-9A21-33E061EC620A}.Debug|x64.Build.0 = Debug|x64
		{9D0192A7-9357-455C-9A21-33E061EC620A}.Debug|x86.ActiveCfg = Debug|Win32
		{9D0192A7-9357-455C-9A21-33E061EC620A}.Debug|x86.Build.0 = Debug|Win32
		{9D0192A7-9357-455C-9A21-33E061EC620A}.Release|x64.ActiveCfg = Release|x64
		{9D0192A7-9357-455C-9A21-33E061EC620A}.Release|x64.Build.0 = Release|x64
		{9D0192A7-9357-455C-9A21-33E061EC620A}.Release|x86.ActiveCfg = Release|Win32
		{9D0192A7-9357-455C-9A21-33E061EC620A}.Release|x86.Build.0 = Release|Win32
		{3067DB42-A4EF-4EAC-905F-9FE74AEC14B0}.Debug|x64.ActiveCfg = Debug|x64
		{3067DB42-A4EF-4EAC-905F-9FE74AEC14B0}.Debug|x64.Build.0 = Debug|x64
		{3067DB42-A4EF-4EAC-905F-9FE74AEC14B0}.Debug|x86.ActiveCfg = Debug|Win32
		{3067DB42-A4EF-4EAC-905F-9FE74AEC14B0}.Debug|x86.Build.0 = Debug|Win32
		{3067DB42-A4EF-4EAC-905F-9FE74AEC14B0}.Release|x64.ActiveCfg = Release|x64
		{3067DB42-A4EF-4EAC-905F-9FE74AEC14B0}.Release|x64.Build.0 = Release|x64
		{3067DB42-A4EF-4EAC-905F-9FE74AEC14B0}.Release|x86.ActiveCfg = Release|Win32
		{3067DB42-A4EF-4EAC-905F-9FE74AEC14B0}.Release|x86.Build.0 = Release|Win32
		{BEDE6239-B72F-4744-9E72-1D5ACAAB8615}.Debug|x64.ActiveCfg = Debug|x64
		{BEDE6239-B72F-4744-9E72-1D5ACAAB8615}.Debug|x64.Build.0 = Debug|x64
		{BEDE6239-B72F-4744-9E72-1D5ACAAB8615}.Debug|x86.ActiveCfg = Debug|Win32
		{BEDE6239-B72F-4744-9E72-1D5ACAAB8615}.Debug|x86.Build.0 = Debug|Win32
		{BEDE6239-B72F-4744-9E72-1D5ACAAB8615}.Release|x64.ActiveCfg = Release|x64
		{BEDE6239-B72F-4744-9E72-1D5ACAAB8615}.Release|x64.Build.0 = Release|x64
		{BEDE6239-B72F-4744-9E72-1D5ACAAB8615}.Release|x86.ActiveCfg = Release|Win32
		{BEDE6239-B72F-4744-9E72-1D5ACAAB8615}.Release|x86.Build.0 = Release|Win32
		{3E157DE0-6D8A-409B-B83F-674E5DF867F7}.Debug|x64.ActiveCfg = Debug|x64
		{3E157DE0-6D8A-409B-B83F-674E5DF867F7}.Debug|x64.Build.0 = Debug|x64
		{3E157DE0-6D8A-409B-B83F-674E5DF867F7}.Debug|x86.ActiveCfg = Debug|Win32
		{3E157DE0-6D8A-409B-B83F-674E5DF867F7}.Debug|x86.Build.0 = Debug|Win32
		{3E157DE0-6D8A-409B-B83F-674E5DF867F7}.Release|x64.ActiveCfg = Release|x64
		{3E157DE0-6D8A-409B-B83F-674E5DF867F7}.Release|x64.Build.0 = Release|x64
		{3E157DE0-6D8A-409B-B83F-674E5DF867F7}.Release|x86.ActiveCfg = Release|Win32
		{3E157DE0-6D8A-409B-B83F-674E5DF867F7}.Release|x86.Build.0 = Release|Win32
		{FCB58A73-F013-4583-B7FC-179342D08143}.Debug|x64.ActiveCfg = Debug|x64
		{FCB58A73-F013-4583-B7FC-179342D08143}.Debug|x64.Build.0 = Debug|x64
		{FCB58A73-F013-4583-B7FC-179342D08143}.Debug|x86.ActiveCfg = Debug|Win32
		{FCB58A73-F013-4583-B7FC-179342D08143}.Debug|x86.Build.0 = Debug|Win32
		{FCB58A73-F013-4583-B7FC-179342D08143}.Release|x64.ActiveCfg = Release|x64
		{FCB58A73-F013-4583-B7FC-179342D08143}.Release|x64.Build.0 = Release|x64
		{FCB58A73-F013-4583-B7FC-179342D08143}.Release|x86.ActiveCfg = Release|Win32
		{FCB58A73-F013-4583-B7FC-179342D08143}.Release|x86.Build.0 = Release|Win32
		{7A8C8F43-4D44-42CC-8777-F3FE5955853F}.Debug|x64.ActiveCfg = Debug|x64
		{7A8C8F43-4D44-42CC-8777-F3FE5955853F}.Debug|x64.Build.0 = Debug|x64
		{7A8C8F43-4D44-42CC-8777-F3FE5955853F}.Debug|x86.ActiveCfg = Debug|Win32
		{7A8C8F43-4D44-42CC-8777-F3FE5955853F}.Debug|x86.Build.0 = Debug|Win32
		{7A8C8F43-4D44-42CC-8777-F3FE5955853F}.Release|x64.ActiveCfg = Release|x64
		{7A8C8F43-4D44-42CC-8777-F3FE5955853F}.Release|x64.Build.0 = Release|x64
		{7A8C8F43-4D44-42CC-8777-F3FE5955853F}.Release|x86.ActiveCfg = Release|Win32
		{7A8C8F43-4D44-42CC-8777-F3FE5955853F}.Release|x86.Build.0 = Release|Win32
		{281342AF-0BBA-4E13-B5AE-971A89F26630}.Debug|x64.ActiveCfg = Debug|x64
		{281342AF-0BBA-4E13-B5AE-971A89F26630}.Debug|x64.Build.0 = Debug|x64
		{281342AF-0BBA-4E13-B5AE-971A89F26630}.Debug|x86.ActiveCfg = Debug|Win32
		{281342AF-0BBA-4E13-B5AE-971A89F26630}.Debug|x86.Build.0 = Debug|Win32
		{281342AF-0BBA-4E13-B5AE-971A89F26630}.Release|x64.ActiveCfg = Release|x64
		{281342AF-0BBA-4E13-B5AE-971A89F26630}.Release|x64.Build.0 = Release|x64
		{281342AF-0BBA-4E13-B5AE-971A89F26630}.Release|x86.ActiveCfg = Release|Win32
		{281342AF-0BBA-4E13-B5AE-971A89F26630}.Release|x86.Build.0 = Release|Win32
		{9B067058-9763-4095-A557-28C8FF9B2CDE}.Debug|x64.ActiveCfg = Debug|x64
		{9B067058-9763-4095-A557-28C8FF9B2CDE}.Debug|x64.Build.0 = Debug|x64
		{9B067058-9763-4095-A557-28C8FF9B2CDE}.Debug|x86.ActiveCfg = Debug|Win32
		{9B067058-9763-4095-A557-28C8FF9B2CDE}.Debug|x86.Build.0 = Debug|Win32
		{9B067058-9763-4095-A557-28C8FF9B2CDE}.Release|x64.ActiveCfg = Release|x64
		{9B067058-9763-4095-A557-28C8FF9B2CDE}.Release|x64.Build.0 = Release|x64
		{9B067058-9763-4095-A557-28C8FF9B2CDE}.Release|x86.ActiveCfg = Release|Win32
		{9B067058-9763-4095-A557-28C8FF9B2CDE}.Release|x86.Build.0 = Release|Win32
		{57A3A9EC-FBEF-4681-B461-CB93F744040C}.Debug|x64.ActiveCfg = Debug|x64
		{57A3A9EC-FBEF-4681-B461-CB93F744040C}.Debug|x64.Build.0 = Debug|x64
		{57A3A9EC-FBEF-4681-B461-CB93F744040C}.Debug|x86.ActiveCfg = Debug|Win32
		{57A3A9EC-FBEF-4681-B461-CB93F744040C}.Debug|x86.Build.0 = Debug|Win32
		{57A3A9EC-FBEF-4681-B461-CB93F744040C}.Release|x64.ActiveCfg = Release|x64
		{57A3A9EC-FBEF-4681-B461-CB93F744040C}.Release|x64.Build.0 = Release|x64
		{57A3A9EC-FBEF-4681-B461-CB93F744040C}.Release|x86.ActiveCfg = Release|Win32
		{57A3A9EC-FBEF-4681-B461-CB93F744040C}.Release|x86.Build.0 = Release|Win32
		{4ACE4FB6-3E0B-46B6-B2AC-41FD47FA41CF}.Debug|x64.ActiveCfg = Debug|x64
		{4ACE4FB6-3E0B-46B6-B2AC-41FD47FA41CF}.Debug|x64.Build.0 = Debug|x64
		{4ACE4FB6-3E0B-46B6-B2AC-41FD47FA41CF}.Debug|x86.ActiveCfg = Debug|Win32
		{4ACE4FB6-3E0B-46B6-B2AC-41FD47FA41CF}.Debug|x86.Build.0 = Debug|Win32
		{4ACE4FB6-3E0B-46B6-B2AC-41FD47FA41CF}.Release|x64.ActiveCfg = Release|x64
		{4ACE4FB6-3E0B-46B6-B2AC-41FD47FA41CF}.Release|x64.Build.0 = Release|x64
		{4ACE4FB6-3E0B-46B6-B2AC-41FD47FA41CF}.Release|x86.ActiveCfg = Release|Win32
		{4ACE4FB6-3E0B-46B6-B2AC-41FD47FA41CF}.Release|x86.Build.0 = Release|Win32
		{BAD37A33-4E8F-4F47-80A5-F0D7C8146D5F}.Debug|x64.ActiveCfg = Debug|x64
		{BAD37A33-4E8F-4F47-80A5-F0D7C8146D5F}.Debug|x64.Build.0 = Debug|x64
		{BAD37A33-4E8F-4F47-80A5-F0D7C8146D5F}.Debug|x86.ActiveCfg = Debug|Win32
		{BAD37A33-4E8F-4F47-80A5-F0D7C8146D5F}.Debug|x86.Build.0 = Debug|Win32
		{BAD37A33-4E8F-4F47-80A5-F0D7C8146D5F}.Release|x64.ActiveCfg = Release|x64
		{BAD37A33-4E8F-4F47-80A5-F0D7C8146D5F}.Release|x64.Build.0 = Release|x64
		{BAD37A33-4E8F-4F47-80A5-F0D7C8146D5F}.Release|x86.ActiveCfg = Release|Win32
		{BAD37A33-4E8F-4F47-80A5-F0D7C8146D5F}.Release|x86.Build.0 = Release|Win32
		{95B93620-D528-45CD-A482-FCA6CF8C7654}.Debug|x64.ActiveCfg = Debug|x64
		{95B93620-D528-45CD-A482-FCA6CF8C7654}.Debug|x64.Build.0 = Debug|x64
		{95B93620-D528-45CD-A482-FCA6CF8C7654}.Debug|x86.ActiveCfg = Debug|Win32
		{95B93620-D528-45CD-A482-FCA6CF8C7654}.Debug|x86.Build.0 = Debug|Win32
		{95B93620-D528-45CD-A482-FCA6CF8C7654}.Release|x64.ActiveCfg = Release|x64
		{95B93620-D528-45CD-A482-FCA6CF8C7654}.Release|x64.Build.0 = Release|x64
		{95B93620-D528-45CD-A482-FCA6CF8C7654}.Release|x86.ActiveCfg = Release|Win32
		{95B93620-D528-45CD-A482-FCA6CF8C7654}.Release|x86.Build.0 = Release|Win32
		{6310392F-224C-4509-9BE9-08158A66EAD2}.Debug|x64.ActiveCfg = Debug|x64
		{6310392F-224C-4509-9BE9-08158A66EAD2}.Debug|x64.Build.0 = Debug|x64
		{6310392F-224C-4509-9BE9-08158A66EAD2}.Debug|x86.ActiveCfg = Debug|Win32
		{6310392F-224C-4509-9BE9-08158A66EAD2}.Debug|x86.Build.0 = Debug|Win32
		{6310392F-224C-4509-9BE9-08158A66EAD2}.Release|x64.ActiveCfg = Release|x64
		{6310392F-224C-4509-9BE9-08158A66EAD2}.Release|x64.Build.0 = Release|x64
		{6310392F-224C-4509-9BE9-08158A66EAD2}.Release|x86.ActiveCfg = Release|Win32
		{6310392F-224C-4509-9BE9-08158A66EAD2}.Release|x86.Build.0 = Release|Win32
		{D2663757-094D-4D44-9248-5F5E392E92D4}.Debug|x64.ActiveCfg = Debug|x64
		{D2663757-094D-4D44-9248-5F5E392E92D4}.Debug|x64.Build.0 = Debug|x64
		{D2663757-094D-4D44-9248-5F5E392E92D4}.Debug|x86.ActiveCfg = Debug|Win32
		{D2663757-094D-4D44-9248-5F5E392E92D4}.Debug|x86.Build.0 = Debug|Win32
		{D2663757-094D-4D44-9248-5F5E392E92D4}.Release|x64.ActiveCfg = Release|x64
		{D2663757-094D-4D44-9248-5F5E392E92D4}.Release|x64.Build.0 = Release|x64
		{D2663757-094D-4D44-9248-5F5E392E92D4}.Release|x86.ActiveCfg = Release|Win32
		{D2663757-094D-4D44-9248-5F5E392E92D4}.Release|x86.Build.0 = Release|Win32
		{81F077EA-FFDD-4095-B197-7FE2166DE397}.Debug|x64.ActiveCfg = Debug|x64
		{81F077EA-FFDD-4095-B197-7FE2166DE397}.Debug|x64.Build.0 = Debug|x64
		{81F077EA-FFDD-4095-B197-7FE2166DE397}.Debug|x86.ActiveCfg = Debug|Win32
		{81F077EA-FFDD-4095-B197-7FE2166DE397}.Debug|x86.Build.0 = Debug|Win32
		{81F077EA-FFDD-4095-B197-7FE2166DE397}.Release|x64.ActiveCfg = Release|x64
		{81F077EA-FFDD-4095-B197-7FE2166DE397}.Release|x64.Build.0 = Release|x64
		{81F077EA-FFDD-4095-B197-7FE2166DE397}.Release|x86.ActiveCfg = Release|Win32
		{81F077EA-FFDD-4095-B197-7FE2166DE397}.Release|x86.Build.0 = Release|Win32
		{9AC744B3-8590-47A2-866D-C5804EDDA834}.Debug|x64.ActiveCfg = Debug|x64
		{9AC744B3-8590-47A2-866D-C5804EDDA834}.Debug|x64.Build.0 = Debug|x64
		{9AC744B3-8590-47A2-866D-C5804EDDA834}.Debug|x86.ActiveCfg = Debug|Win32
		{9AC744B3-8590-47A2-866D-C5804EDDA834}.Debug|x86.Build.0 = Debug|Win32
		{9AC744B3-8590-47A2-866D-C5804EDDA834}.Release|x64.ActiveCfg = Release|x64
		{9AC744B3-8590-47A2-866D-C5804EDDA834}.Release|x64.Build.0 = Release|x64
		{9AC744B3-8590-47A2-866D-C5804EDDA834}.Release|x86.ActiveCfg = Release|Win32
		{9AC744B3-8590-47A2-866D-C5804EDDA834}.Release|x86.Build.0 = Release|Win32
		{8F4AE644-F23A-4B89-A9BA-04BEE1FDD615}.Debug|x64.ActiveCfg = Debug|x64
		{8F4AE644-F23A-4B89-A9BA-04BEE1FDD615}.Debug|x64.Build.0 = Debug|x64
		{8F4AE644-F23A-4B89-A9BA-04BEE1FDD615}.Debug|x86.ActiveCfg = Debug|Win32
		{8F4AE644-F23A-4B89-A9BA-04BEE1FDD615}.Debug|x86.Build.0 = Debug|Win32
		{8F4AE644-F23A-4B89-A9BA-04BEE1FDD615}.Release|x64.ActiveCfg = Release|x64
		{8F4AE644-F23A-4B89-A9BA-04BEE1FDD615}.Release|x64.Build.0 = Release|x64
		{8F4AE644-F23A-4B89-A9BA-04BEE1FDD615}.Release|x86.ActiveCfg = Release|Win32
		{8F4AE644-F23A-4B89-A9BA-04BEE1FDD615}.Release|x86.Build.0 = Release|Win32
		{8B42A12D-105F-4925-873C-9872B20CB00F}.Debug|x64.ActiveCfg = Debug|x64
		{8B42A12D-105F-4925-873C-9872B20CB00F}.Debug|x64.Build.0 = Debug|x64
		{8B42A12D-105F-4925-873C-9872B20CB00F}.Debug|x86.ActiveCfg = Debug|Win32
		{8B42A12D-105F-4925-873C-9872B20CB00F}.Debug|x86.Build.0 = Debug|Win32
		{8B42A12D-105F-4925-873C-9872B20CB00F}.Release|x64.ActiveCfg = Release|x64
		{8B42A12D-105F-4925-873C-9872B20CB00F}.Release|x64.Build.0 = Release|x64
		{8B42A12D-105F-4925-873C-9872B20CB00F}.Release|x86.ActiveCfg = Release|Win32
		{8B42A12D-105F-4925-873C-9872B20CB00F}.Release|x86.Build.0 = Release|Win32
		{3A34CFFF-368D-4076-9784-4ED87A3267F5}.Debug|x64.ActiveCfg = Debug|x64
		{3A34CFFF-368D-4076-9784-4ED87A3267F5}.Debug|x64.Build.0 = Debug|x64
		{3A34CFFF-368D-4076-9784-4ED87A3267F5}.Debug|x86.ActiveCfg = Debug|Win32
		{3A34CFFF-368D-4076-9784-4ED87A3267F5}.Debug|x86.Build.0 = Debug|Win32
		{3A34CFFF-368D-4076-9784-4ED87A3267F5}.Release|x64.ActiveCfg = Release|x64
		{3A34CFFF-368D-4076-9784-4ED87A3267F5}.Release|x64.Build.0 = Release|x64
		{3A34CFFF-368D-4076-9784-4ED87A3267F5}.Release|x86.ActiveCfg = Release|Win32
		{3A34CFFF-368D-4076-9784-4ED87A3267F5}.Release|x86.Build.0 = Release|Win32
		{C8E6C350-99FE-4204-BD1E-251596C7853B}.Debug|x64.ActiveCfg = Debug|x64
		{C8E6C350-99FE-4204-BD1E-251596C7853B}.Debug|x64.Build.0 = Debug|x64
		{C8E6C350-99FE-4204-BD1E-251596C7853B}.Debug|x86.ActiveCfg = Debug|Win32
		{C8E6C350-99FE-4204-BD1E-251596C7853B}.Debug|x86.Build.0 = Debug|Win32
		{C8E6C350-99FE-4204-BD1E-251596C7853B}.Release|x64.ActiveCfg = Release|x64
		{C8E6C350-99FE-4204-BD1E-251596C7853B}.Release|x64.Build.0 = Release|x64
		{C8E6C350-99FE-4204-BD1E-251596C7853B}.Release|x86.ActiveCfg = Release|Win32
		{C8E6C350-99FE-4204-BD1E-251596C7853B}.Release|x86.Build.0 = Release|Win32
		{F152051F-F6AF-4512-95EC-BA626CB2E004}.Debug|x64.ActiveCfg = Debug|x64
		{F152051F-F6AF-4512-95EC-BA626CB2E004}.Debug|x64.Build.0 = Debug|x64
		{F152051F-F6AF-4512-95EC-BA626CB2E004}.Debug|x86.ActiveCfg = Debug|Win32
		{F152051F-F6AF-4512-95EC-BA626CB2E004}.Debug|x86.Build.0 = Debug|Win32
		{F152051F-F6AF-4512-95EC-BA626CB2E004}.Release|x64.ActiveCfg = Release|x64
		{F152051F-F6AF-4512-95EC-BA626CB2E004}.Release|x64.Build.0 = Release|x64
		{F152051F-F6AF-4512-95EC-BA626CB2E004}.Release|x86.ActiveCfg = Release|Win32
		{F152051F-F6AF-4512-95EC-BA626CB2E004}.Release|x86.Build.0 = Release|Win32
		{BF30F95C-2644-47DC-8BF3-A541530DBBEB}.Debug|x64.ActiveCfg = Debug|x64
		{BF30F95C-2644-47DC-8BF3-A541530DBBEB}.Debug|x64.Build.0 = Debug|x64
		{BF30F95C-2644-47DC-8BF3-A541530DBBEB}.Debug|x86.ActiveCfg = Debug|Win32
		{BF30F95C-2644-47DC-8BF3-A541530DBBEB}.Debug|x86.Build.0 = Debug|Win32
		{BF30F95C-2644-47DC-8BF3-A541530DBBEB}.Release|x64.ActiveCfg = Release|x64
		{BF30F95C-2644-47DC-8BF3-A541530DBBEB}.Release|x64.Build.0 = Release|x64
		{BF30F95C-2644-47DC-8BF3-A541530DBBEB}.Release|x86.ActiveCfg = Release|Win32
		{BF30F95C-2644-47DC-8BF3-A541530DBBEB}.Release|x86.Build.0 = Release|Win32
		{1BBA8424-7339-4729-8E5B-2277FFFC7349}.Debug|x64.ActiveCfg = Debug|x64
		{1BBA8424-7339-4729-8E5B-2277FFFC7349}.Debug|x64.Build.0 = Debug|x64
		{1BBA8424-7339-4729-8E5B-2277FFFC7349}.Debug|x86.ActiveCfg = Debug|Win32
		{1BBA8424-7339-4729-8E5B-2277FFFC7349}.Debug|x86.Build.0 = Debug|Win32
		{1BBA8424-7339-4729-8E5B-2277FFFC7349}.Release|x64.ActiveCfg = Release|x64
		{1BBA8424-7339-4729-8E5B-2277FFFC7349}.Release|x64.Build.0 = Release|x64
		{1BBA8424-7339-4729-8E5B-2277FFFC7349}.Release|x86.ActiveCfg = Release|Win32
		{1BBA8424-7339-4729-8E5B-2277FFFC7349}.Release|x86.Build.0 = Release|Win32
		{9FA45B8C-4A5F-4787-872F-75E150EB3AEC}.Debug|x64.ActiveCfg = Debug|x64
		{9FA45B8C-4A5F-4787-872F-75E150EB3AEC}.Debug|x64.Build.0 = Debug|x64
		{9FA45B8C-4A5F-4787-872F-75E150EB3AEC}.Debug|x86.ActiveCfg = Debug|Win32
		{9FA45B8C-4A5F-4787-872F-75E150EB3AEC}.Debug|x86.Build.0 = Debug|Win32
		{9FA45B8C-4A5F-4787-872F-75E150EB3AEC}.Release|x64.ActiveCfg = Release|x64
		{9FA45B8C-4A5F-4787-872F-75E150EB3AEC}.Release|x64.Build.0 = Release|x64
		{9FA45B8C-4A5F-4787-872F-75E150EB3AEC}.Release|x86.ActiveCfg = Release|Win32
		{9FA45B8C-4A5F-4787-872F-75E150EB3AEC}.Release|x86.Build.0 = Release|Win32
		{58081D69-BBD7-40BA-956C-E3302DA62D6E}.Debug|x64.ActiveCfg = Debug|x64
		{58081D69-BBD7-40BA-956C-E3302DA62D6E}.Debug|x64.Build.0 = Debug|x64
		{58081D69-BBD7-40BA-956C-E3302DA62D6E}.Debug|x86.ActiveCfg = Debug|Win32
		{58081D69-BBD7-40BA-956C-E3302DA62D6E}.Debug|x86.Build.0 = Debug|Win32
		{58081D69-BBD7-40BA-956C-E3302DA62D6E}.Release|x64.ActiveCfg = Release|x64
		{58081D69-BBD7-40BA-956C-E3302DA62D6E}.Release|x64.Build.0 = Release|x64
		{58081D69-BBD7-40BA-956C-E3302DA62D6E}.Release|x86.ActiveCfg = Release|Win32
		{58081D69-BBD7-40BA-956C-E3302DA62D6E}.Release|x86.Build.0 = Release|Win32
		{1240929B-C253-42D8-9C4D-D49375199ED6}.Debug|x64.ActiveCfg = Debug|x64
		{1240929B-C253-42D8-9C4D-D49375199ED6}.Debug|x64.Build.0 = Debug|x64
		{1240929B-C253-42D8-9C4D-D49375199ED6}.Debug|x86.ActiveCfg = Debug|Win32
		{1240929B-C253-42D8-9C4D-D49375199ED6}.Debug|x86.Build.0 = Debug|Win32
		{1240929B-C253-42D8-9C4D-D49375199ED6}.Release|x64.ActiveCfg = Release|x64
		{1240929B-C253-42D8-9C4D-D49375199ED6}.Release|x64.Build.0 = Release|x64
		{1240929B-C253-42D8-9C4D-D49375199ED6}.Release|x86.ActiveCfg = Release|Win32
		{1240929B-C253-42D8-9C4D-D49375199ED6}.Release|x86.Build.0 = Release|Win32
		{750158C8-C16A-4D3C-89FF-E4E03F2909EC}.Debug|x64.ActiveCfg = Debug|x64
		{750158C8-C16A-4D3C-89FF-E4E03F2909EC}.Debug|x64.Build.0 = Debug|x64
		{750158C8-C16A-4D3C-89FF-E4E03F2909EC}.Debug|x86.ActiveCfg = Debug|Win32
		{750158C8-C16A-4D3C-89FF-E4E03F2909EC}.Debug|x86.Build.0 = Debug|Win32
		{750158C8-C16A-4D3C-89FF-E4E03F2909EC}.Release|x64.ActiveCfg = Release|x64
		{750158C8-C16A-4D3C-89FF-E4E03F2909EC}.Release|x64.Build.0 = Release|x64
		{750158C8-C16A-4D3C-89FF-E4E03F2909EC}.Release|x86.ActiveCfg = Release|Win32
		{750158C8-C16A-4D3C-89FF-E4E03F2909EC}.Release|x86.Build.0 = Release|Win32
		{77E9052F-23F5-4526-8CB2-1A89C08FE95D}.Debug|x64.ActiveCfg = Debug|x64
		{77E9052F-23F5-4526-8CB2-1A89C08FE95D}.Debug|x64.Build.0 = Debug|x64
		{77E9052F-23F5-4526-8CB2-1A89C08FE95D}.Debug|x86.ActiveCfg = Debug|Win32
		{77E9052F-23F5-4526-8CB2-1A89C08FE95D}.Debug|x86.Build.0 = Debug|Win32
		{77E9052F-23F5-4526-8CB2-1A89C08FE95D}.Release|x64.ActiveCfg = Release|x64
		{77E9052F-23F5-4526-8CB2-1A89C08FE95D}.Release|x64.Build.0 = Release|x64
		{77E9052F-23F5-4526-8CB2-1A89C08FE95D}.Release|x86.ActiveCfg = Release|Win32
		{77E9052F-23F5-4526-8CB2-1A89C08FE95D}.Release|x86.Build.0 = Release|Win32
		{6C201F5B-E0D4-4D89-8CD2-478BA997D509}.Debug|x64.ActiveCfg = Debug|x64
		{6C201F5B-E0D4-4D89-8CD2-478BA997D509}.Debug|x64.Build.0 = Debug|x64
		{6C201F5B-E0D4-4D89-8CD2-478BA997D509}.Debug|x86.ActiveCfg = Debug|Win32
		{6C201F5B-E0D4-4D89-8CD2-478BA997D509}.Debug|x86.Build.0 = Debug|Win32
		{6C201F5B-E0D4-4D89-8CD2-478BA997D509}.Release|x64.ActiveCfg = Release|x64
		{6C201F5B-E0D4-4D89-8CD2-478BA997D509}.Release|x64.Build.0 = Release|x64
		{6C201F5B-E0D4-4D89-8CD2-478BA997D509}.Release|x86.ActiveCfg = Release|Win32
		{6C201F5B-E0D4-4D89-8CD2-478BA997D509}.Release|x86.Build.0 = Release|Win32
		{53D26B59-DCF8-43FE-9F51-F3D02A8DCFA0}.Debug|x64.ActiveCfg = Debug|x64
		{53D26B59-DCF8-43FE-9F51-F3D02A8DCFA0}.Debug|x64.Build.0 = Debug|x64
		{53D26B59-DCF8-43FE-9F51-F3D02A8DCFA0}.Debug|x86.ActiveCfg = Debug|Win32
		{53D26B59-DCF8-43FE-9F51-F3D02A8DCFA0}.Debug|x86.Build.0 = Debug|Win32
		{53D26B59-DCF8-43FE-9F51-F3D02A8DCFA0}.Release|x64.ActiveCfg = Release|x64
		{53D26B59-DCF8-43FE-9F51-F3D02A8DCFA0}.Release|x64.Build.0 = Release|x64
		{53D26B59-DCF8-43FE-9F51-F3D02A8DCFA0}.Release|x86.ActiveCfg = Release|Win32
		{53D26B59-DCF8-43FE-9F51-F3D02A8DCFA0}.Release|x86.Build.0 = Release|Win32
		{728F514C-4214-4C5E-87AC-FE8A3869853D}.Debug|x64.ActiveCfg = Debug|x64
		{728F514C-4214-4C5E-87AC-FE8A3869853D}.Debug|x64.Build.0 = Debug|x64
		{728F514C-4214-4C5E-87AC-FE8A3869853D}.Debug|x86.ActiveCfg = Debug|Win32
		{728F514C-4214-4C5E-87AC-FE8A3869853D}.Debug|x86.Build.0 = Debug|Win32
		{728F514C-4214-4C5E-87AC-FE8A3869853D}.Release|x64.ActiveCfg = Release|x64
		{728F514C-4214-4C5E-87AC-FE8A3869853D}.Release|x64.Build.0 = Release|x64
		{728F514C-4214-4C5E-87AC-FE8A3869853D}.Release|x86.ActiveCfg = Release|Win32
		{728F514C-4214-4C5E-87AC-FE8A3869853D}.Release|x86.Build.0 = Release|Win32
		{1A12B2CC-6D34-43DB-95B0-CB17C61C6D9A}.Debug|x64.ActiveCfg = Debug|x64
		{1A12B2CC-6D34-43DB-95B0-CB17C61C6D9A}.Debug|x64.Build.0 = Debug|x64
		{1A12B2CC-6D34-43DB-95B0-CB17C61C6D9A}.Debug|x86.ActiveCfg = Debug|Win32
		{1A12B2CC-6D34-43DB-95B0-CB17C61C6D9A}.Debug|x86.Build.0 = Debug|Win32
		{1A12B2CC-6D34-43DB-95B0-CB17C61C6D9A}.Release|x64.ActiveCfg = Release|x64
		{1A12B2CC-6D34-43DB-95B0-CB17C61C6D9A}.Release|x64.Build.0 = Release|x64
		{1A12B2CC-6D34-43DB-95B0-CB17C61C6D9A}.Release|x86.ActiveCfg = Release|Win32
		{1A12B2CC-6D34-43DB-95B0-CB17C61C6D9A}.Release|x86.Build.0 = Release|Win32
		{61B2727F-5FF1-462D-A35F-37C7BA03F36C}.Debug|x64.ActiveCfg = Debug|x64
		{61B2727F-5FF1-462D-A35F-37C7BA03F36C}.Debug|x64.Build.0 = Debug|x64
		{61B2727F-5FF1-462D-A35F-37C7BA03F36C}.Debug|x86.ActiveCfg = Debug|Win32
		{61B2727F-5FF1-462D-A35F-37C7BA03F36C}.Debug|x86.Build.0 = Debug|Win32
		{61B2727F-5FF1-462D-A35F-37C7BA03F36C}.Release|x64.ActiveCfg = Release|x64
		{61B2727F-5FF1-462D-A35F-37C7BA03F36C}.Release|x64.Build.0 = Release|x64
		{61B2727F-5FF1-462D-A35F-37C7BA03F36C}.Release|x86.ActiveCfg = Release|Win32
		{61B2727F-5FF1-462D-A35F-37C7BA03F36C}.Release|x86.Build.0 = Release|Win32
		{C2B04823-0FA1-4212-AD1A-E8361ECC496F}.Debug|x64.ActiveCfg = Debug|x64
		{C2B04823-0FA1-4212-AD1A-E8361ECC496F}.Debug|x64.Build.0 = Debug|x64
		{C2B04823-0FA1-4212-AD1A-E8361ECC496F}.Debug|x86.ActiveCfg = Debug|Win32
		{C2B04823-0FA1-4212-AD1A-E8361ECC496F}.Debug|x86.Build.0 = Debug|Win32
		{C2B04823-0FA1-4212-AD1A-E8361ECC496F}.Release|x64.ActiveCfg = Release|x64
		{C2B04823-0FA1-4212-AD1A-E8361ECC496F}.Release|x64.Build.0 = Release|x64
		{C2B04823-0FA1-4212-AD1A-E8361ECC496F}.Release|x86.ActiveCfg = Release|Win32
		{C2B04823-0FA1-4212-AD1A-E8361ECC496F}.Release|x86.Build.0 = Release|Win32
		{9567AD20-6188-458D-BBC7-9201EA7E79A3}.Debug|x64.ActiveCfg = Debug|x64
		{9567AD20-6188-458D-BBC7-9201EA7E79A3}.Debug|x64.Build.0 = Debug|x64
		{9567AD20-6188-458D-BBC7-9201EA7E79A3}.Debug|x86.ActiveCfg = Debug|Win32
		{9567AD20-6188-458D-BBC7-9201EA7E79A3}.Debug|x86.Build.0 = Debug|Win32
		{9567AD20-6188-458D-BBC7-9201EA7E79A3}.Release|x64.ActiveCfg = Release|x64
		{9567AD20-6188-458D-BBC7-9201EA7E79A3}.Release|x64.Build.0 = Release|x64
		{9567AD20-6188-458D-BBC7-9201EA7E79A3}.Release|x86.ActiveCfg = Release|Win32
		{9567AD20-6188-458D-BBC7-9201EA7E79A3}.Release|x86.Build.0 = Release|Win32
		{5B411AB4-7C73-4243-9522-47636DDA19CF}.Debug|x64.ActiveCfg = Debug|x64
		{5B411AB4-7C73-4243-9522-47636DDA19CF}.Debug|x64.Build.0 = Debug|x64
		{5B411AB4-7C73-4243-9522-47636DDA19CF}.Debug|x86.ActiveCfg = Debug|Win32
		{5B411AB4-7C73-4243-9522-47636DDA19CF}.Debug|x86.Build.0 = Debug|Win32
		{5B411AB4-7C73-4243-9522-47636DDA19CF}.Release|x64.ActiveCfg = Release|x64
		{5B411AB4-7C73-4243-9522-47636DDA19CF}.Release|x64.Build.0 = Release|x64
		{5B411AB4-7C73-4243-9522-47636DDA19CF}.Release|x86.ActiveCfg = Release|Win32
		{5B411AB4-7C73-4243-9522-47636DDA19CF}.Release|x86.Build.0 = Release|Win32
		{015B5C94-E179-4EDF-9455-D12E1E45E3F4}.Debug|x64.ActiveCfg = Debug|x64
		{015B5C94-E179-4EDF-9455-D12E1E45E3F4}.Debug|x64.Build.0 = Debug|x64
		{015B5C94-E179-4EDF-9455-D12E1E45E3F4}.Debug|x86.ActiveCfg = Debug|Win32
		{015B5C94-E179-4EDF-9455-D12E1E45E3F4}.Debug|x86.Build.0 = Debug|Win32
		{015B5C94-E179-4EDF-9455-D12E1E45E3F4}.Release|x64.ActiveCfg = Release|x64
		{015B5C94-E179-4EDF-9455-D12E1E45E3F4}.Release|x64.Build.0 = Release|x64
		{015B5C94-E179-4EDF-9455-D12E1E45E3F4}.Release|x86.ActiveCfg = Release|Win32
		{015B5C94-E179-4EDF-9455-D12E1E45E3F4}.Release|x86.Build.0 = Release|Win32
		{3C9A9CD6-394D-45D4-A124-232D13828837}.Debug|x64.ActiveCfg = Debug|x64
		{3C9A9CD6-394D-45D4-A124-232D13828837}.Debug|x64.Build.0 = Debug|x64
		{3C9A9CD6-394D-45D4-A124-232D13828837}.Debug|x86.ActiveCfg = Debug|Win32
		{3C9A9CD6-394D-45D4-A124-232D13828837}.Debug|x86.Build.0 = Debug|Win32
		{3C9A9CD6-394D-45D4-A124-232D13828837}.Release|x64.ActiveCfg = Release|x64
		{3C9A9CD6-394D-45D4-A124-232D13828837}.Release|x64.Build.0 = Release|x64
		{3C9A9CD6-394D-45D4-A124-232D13828837}.Release|x86.ActiveCfg = Release|Win32
		{3C9A9CD6-394D-45D4-A124-232D13828837}.Release|x86.Build.0 = Release|Win32
		{FF3BBEC1-0CA4-47C1-8288-73CC59317342}.Debug|x64.ActiveCfg = Debug|x64
		{FF3BBEC1-0CA4-47C1-8288-73CC59317342}.Debug|x64.Build.0 = Debug|x64
		{FF3BBEC1-0CA4-47C1-8288-73CC59317342}.Debug|x86.ActiveCfg = Debug|Win32
		{FF3BBEC1-0CA4-47C1-8288-73CC59317342}.Debug|x86.Build.0 = Debug|Win32
		{FF3BBEC1-0CA4-47C1-8288-73CC59317342}.Release|x64.ActiveCfg = Release|x64
		{FF3BBEC1-0CA4-47C1-8288-73CC59317342}.Release|x64.Build.0 = Release|x64
		{FF3BBEC1-0CA4-47C1-8288-73CC59317342}.Release|x86.ActiveCfg = Release|Win32
		{FF3BBEC1-0CA4-47C1-8288-73CC59317342}.Release|x86.Build.0 = Release|Win32
		{2B327E60-D35E-4C3D-87C8-C1C2CD732EE2}.Debug|x64.ActiveCfg = Debug|x64
		{2B327E60-D35E-4C3D-87C8-C1C2CD732EE2}.Debug|x64.Build.0 = Debug|x64
		{2B327E60-D35E-4C3D-87C8-C1C2CD732EE2}.Debug|x86.ActiveCfg = Debug|Win32
		{2B327E60-D35E-4C3D-87C8-C1C2CD732EE2}.Debug|x86.Build.0 = Debug|Win32
		{2B327E60-D35E-4C3D-87C8-C1C2CD732EE2}.Release|x64.ActiveCfg = Release|x64
		{2B327E60-D35E-4C3D-87C8-C1C2CD732EE2}.Release|x64.Build.0 = Release|x64
		{2B327E60-D35E-4C3D-87C8-C1C2CD732EE2}.Release|x86.ActiveCfg = Release|Win32
		{2B327E60-D35E-4C3D-87C8-C1C2CD732EE2}.Release|x86.Build.0 = Release|Win32
		{6C1A5A04-B1F7-4501-96A4-D3647A967FDD}.Debug|x64.ActiveCfg = Debug|x64
		{6C1A5A04-B1F7-4501-96A4-D3647A967FDD}.Debug|x64.Build.0 = Debug|x64
		{6C1A5A04-B1F7-4501-96A4-D3647A967FDD}.Debug|x86.ActiveCfg = Debug|Win32
		{6C1A5A04-B1F7-4501-96A4-D3647A967FDD}.Debug|x86.Build.0 = Debug|Win32
		{6C1A5A04-B1F7-4501-96A4-D3647A967FDD}.Release|x64.ActiveCfg = Release|x64
		{6C1A5A04-B1F7-4501-96A4-D3647A967FDD}.Release|x64.Build.0 = Release|x64
		{6C1A5A04-B1F7-4501-96A4-D3647A967FDD}.Release|x86.ActiveCfg = Release|Win32
		{6C1A5A04-B1F7-4501-96A4-D3647A967FDD}.Release|x86.Build.0 = Release|Win32
		{6E8623FC-8A22-48D9-902B-68AED7CDDD1E}.Debug|x64.ActiveCfg = Debug|x64
		{6E8623FC-8A22-48D9-902B-68AED7CDDD1E}.Debug|x64.Build.0 = Debug|x64
		{6E8623FC-8A22-48D9-902B-68AED7CDDD1E}.Debug|x86.ActiveCfg = Debug|Win32
		{6E8623FC-8A22-48D9-902B-68AED7CDDD1E}.Debug|x86.Build.0 = Debug|Win32
		{6E8623FC-8A22-48D9-902B-68AED7CDDD1E}.Release|x64.ActiveCfg = Release|x64
		{6E8623FC-8A22-48D9-902B-68AED7CDDD1E}.Release|x64.Build.0 = Release|x64
		{6E8623FC-8A22-48D9-902B-68AED7CDDD1E}.Release|x86.ActiveCfg = Release|Win32
		{6E8623FC-8A22-48D9-902B-68AED7CDDD1E}.Release|x86.Build.0 = Release|Win32
		{AA0391A5-81DD-405E-B2F1-78F550578083}.Debug|x64.ActiveCfg = Debug|x64
		{AA0391A5-81DD-405E-B2F1-78F550578083}.Debug|x64.Build.0 = Debug|x64
		{AA0391A5-81DD-405E-B2F1-78F550578083}.Debug|x86.ActiveCfg = Debug|Win32
		{AA0391A5-81DD-405E-B2F1-78F550578083}.Debug|x86.Build.0 = Debug|Win32
		{AA0391A5-81DD-405E-B2F1-78F550578083}.Release|x64.ActiveCfg = Release|x64
		{AA0391A5-81DD-405E-B2F1-78F550578083}.Release|x64.Build.0 = Release|x64
		{AA0391A5-81DD-405E-B2F1-78F550578083}.Release|x86.ActiveCfg = Release|Win32
		{AA0391A5-81DD-405E-B2F1-78F550578083}.Release|x86.Build.0 = Release|Win32
		{A787BAFE-E5B7-4C38-AEC7-6AA4910FE93C}.Debug|x64.ActiveCfg = Debug|x64
		{A787BAFE-E5B7-4C38-AEC7-6AA4910FE93C}.Debug|x64.Build.0 = Debug|x64
		{A787BAFE-E5B7-4C38-AEC7-6AA4910FE93C}.Debug|x86.ActiveCfg = Debug|Win32
		{A787BAFE-E5B7-4C38-AEC7-6AA4910FE93C}.Debug|x86.Build.0 = Debug|Win32
		{A787BAFE-E5B7-4C38-AEC7-6AA4910FE93C}.Release|x64.ActiveCfg = Release|x64
		{A787BAFE-E5B7-4C38-AEC7-6AA4910FE93C}.Release|x64.Build.0 = Release|x64
		{A787BAFE-E5B7-4C38-AEC7-6AA4910FE93C}.Release|x86.ActiveCfg = Release|Win32
		{A787BAFE-E5B7-4C38-AEC7-6AA4910FE93C}.Release|x86.Build.0 = Release|Win32
		{99DCA72A-DDE7-419E-94C9-725BEADC7F2B}.Debug|x64.ActiveCfg = Debug|x64
		{99DCA72A-DDE7-419E-94C9-725BEADC7F2B}.Debug|x64.Build.0 = Debug|x64
		{99DCA72A-DDE7-419E-94C9-725BEADC7F2B}.Debug|x86.ActiveCfg = Debug|Win32
		{99DCA72A-DDE7-419E-94C9-725BEADC7F2B}.Debug|x86.Build.0 = Debug|Win32
		{99DCA72A-DDE7-419E-94C9-725BEADC7F2B}.Release|x64.ActiveCfg = Release|x64
		{99DCA72A-DDE7-419E-94C9-725BEADC7F2B}.Release|x64.Build.0 = Release|x64
		{99DCA72A-DDE7-419E-94C9-725BEADC7F2B}.Release|x86.ActiveCfg = Release|Win32
		{99DCA72A-DDE7-419E-94C9-725BEADC7F2B}.Release|x86.Build.0 = Release|Win32
		{0809E323-28D4-4EC9-9389-6E77D23A823A}.Debug|x64.ActiveCfg = Debug|x64
		{0809E323-28D4-4EC9-9389-6E77D23A823A}.Debug|x64.Build.0 = Debug|x64
		{0809E323-28D4-4EC9-9389-6E77D23A823A}.Debug|x86.ActiveCfg = Debug|Win32
		{0809E323-28D4-4EC9-9389-6E77D23A823A}.Debug|x86.Build.0 = Debug|Win32
		{0809E323-28D4-4EC9-9389-6E77D23A823A}.Release|x64.ActiveCfg = Release|x64
		{0809E323-28D4-4EC9-9389-6E77D23A823A}.Release|x64.Build.0 = Release|x64
		{0809E323-28D4-4EC9-9389-6E77D23A823A}.Release|x86.ActiveCfg = Release|Win32
		{0809E323-28D4-4EC9-9389-6E77D23A823A}.Release|x86.Build.0 = Release|Win32
		{E093CAD9-DB9A-4B5C-8FE3-C49B4054AA3F}.Debug|x64.ActiveCfg = Debug|x64
		{E093CAD9-DB9A-4B5C-8FE3-C49B4054AA3F}.Debug|x64.Build.0 = Debug|x64
		{E093CAD9-DB9A-4B5C-8FE3-C49B4054AA3F}.Debug|x86.ActiveCfg = Debug|Win32
		{E093CAD9-DB9A-4B5C-8FE3-C49B4054AA3F}.Debug|x86.Build.0 = Debug|Win32
		{E093CAD9-DB9A-4B5C-8FE3-C49B4054AA3F}.Release|x64.ActiveCfg = Release|x64
		{E093CAD9-DB9A-4B5C-8FE3-C49B4054AA3F}.Release|x64.Build.0 = Release|x64
		{E093CAD9-DB9A-4B5C-8FE3-C49B4054AA3F}.Release|x86.ActiveCfg = Release|Win32
		{E093CAD9-DB9A-4B5C-8FE3-C49B4054AA3F}.Release|x86.Build.0 = Release|Win32
		{63055D29-EE6C-49F8-A8DC-4A07D7E40953}.Debug|x64.ActiveCfg = Debug|x64
		{63055D29-EE6C-49F8-A8DC-4A07D7E40953}.Debug|x64.Build.0 = Debug|x64
		{63055D29-EE6C-49F8-A8DC-4A07D7E40953}.Debug|x86.ActiveCfg = Debug|Win32
		{63055D29-EE6C-49F8-A8DC-4A07D7E40953}.Debug|x86.Build.0 = Debug|Win32
		{63055D29-EE6C-49F8-A8DC-4A07D7E40953}.Release|x64.ActiveCfg = Release|x64
		{63055D29-EE6C-49F8-A8DC-4A07D7E40953}.Release|x64.Build.0 = Release|x64
		{63055D29-EE6C-49F8-A8DC-4A07D7E40953}.Release|x86.ActiveCfg = Release|Win32
		{63055D29-EE6C-49F8-A8DC-4A07D7E40953}.Release|x86.Build.0 = Release|Win32
		{69900B0E-92F1-4929-8C64-3F2497E3CB2F}.Debug|x64.ActiveCfg = Debug|x64
		{69900B0E-92F1-4929-8C64-3F2497E3CB2F}.Debug|x64.Build.0 = Debug|x64
		{69900B0E-92F1-4929-8C64-3F2497E3CB2F}.Debug|x86.ActiveCfg = Debug|Win32
		{69900B0E-92F1-4929-8C64-3F2497E3CB2F}.Debug|x86.Build.0 = Debug|Win32
		{69900B0E-92F1-4929-8C64-3F2497E3CB2F}.Release|x64.ActiveCfg = Release|x64
		{69900B0E-92F1-4929-8C64-3F2497E3CB2F}.Release|x64.Build.0 = Release|x64
		{69900B0E-92F1-4929-8C64-3F2497E3CB2F}.Release|x86.ActiveCfg = Release|Win32
		{69900B0E-92F1-4929-8C64-3F2497E3CB2F}.Release|x86.Build.0 = Release|Win32
		{0D63E38E-D12B-4F69-AA6E-478B797673FA}.Debug|x64.ActiveCfg = Debug|x64
		{0D63E38E-D12B-4F69-AA6E-478B797673FA}.Debug|x64.Build.0 = Debug|x64
		{0D63E38E-D12B-4F69-AA6E-478B797673FA}.Debug|x86.ActiveCfg = Debug|Win32
		{0D63E38E-D12B-4F69-AA6E-478B797673FA}.Debug|x86.Build.0 = Debug|Win32
		{0D63E38E-D12B-4F69-AA6E-478B797673FA}.Release|x64.ActiveCfg = Release|x64
		{0D63E38E-D12B-4F69-AA6E-478B797673FA}.Release|x64.Build.0 = Release|x64
		{0D63E38E-D12B-4F69-AA6E-478B797673FA}.Release|x86.ActiveCfg = Release|Win32
		{0D63E38E-D12B-4F69-AA6E-478B797673FA}.Release|x86.Build.0 = Release|Win32
		{EF82DF97-DEFF-4203-8DCA-A5F09C74D119}.Debug|x64.ActiveCfg = Debug|x64
		{EF82DF97-DEFF-4203-8DCA-A5F09C74D119}.Debug|x64.Build.0 = Debug|x64
		{EF82DF97-DEFF-4203-8DCA-A5F09C74D119}.Debug|x86.ActiveCfg = Debug|Win32
		{EF82DF97-DEFF-4203-8DCA-A5F09C74D119}.Debug|x86.Build.0 = Debug|Win32
		{EF82DF97-DEFF-4203-8DCA-A5F09C74D119}.Release|x64.ActiveCfg = Release|x64
		{EF82DF97-DEFF-4203-8DCA-A5F09C74D119}.Release|x64.Build.0 = Release|x64
		{EF82DF97-DEFF-4203-8DCA-A5F09C74D119}.Release|x86.ActiveCfg = Release|Win32
		{EF82DF97-DEFF-4203-8DCA-A5F09C74D119}.Release|x86.Build.0 = Release|Win32
		{8CE377E0-9743-4972-A696-0A41E4CA9314}.Debug|x64.ActiveCfg = Debug|x64
		{8CE377E0-9743-4972-A696-0A41E4CA9314}.Debug|x64.Build.0 = Debug|x64
		{8CE377E0-9743-4972-A696-0A41E4CA9314}.Debug|x86.ActiveCfg = Debug|Win32
		{8CE377E0-9743-4972-A696-0A41E4CA9314}.Debug|x86.Build.0 = Debug|Win32
		{8CE377E0-9743-4972-A696-0A41E4CA9314}.Release|x64.ActiveCfg = Release|x64
		{8CE377E0-9743-4972-A696-0A41E4CA9314}.Release|x64.Build.0 = Release|x64
		{8CE377E0-9743-4972-A696-0A41E4CA9314}.Release|x86.ActiveCfg = Release|Win32
		{8CE377E0-9743-4972-A696-0A41E4CA9314}.Release|x86.Build.0 = Release|Win32
		{306B1CDE-95F3-4ED8-8AA4-ED63E9ED928A}.Debug|x64.ActiveCfg = Debug|x64
		{306B1CDE-95F3-4ED8-8AA4-ED63E9ED928A}.Debug|x64.Build.0 = Debug|x64
		{306B1CDE-95F3-4ED8-8AA4-ED63E9ED928A}.Debug|x86.ActiveCfg = Debug|Win32
		{306B1CDE-95F3-4ED8-8AA4-ED63E9ED928A}.Debug|x86.Build.0 = Debug|Win32
		{306B1CDE-95F3-4ED8-8AA4-ED63E9ED928A}.Release|x64.ActiveCfg = Release|x64
		{306B1CDE-95F3-4ED8-8AA4-ED63E9ED928A}.Release|x64.Build.0 = Release|x64
		{306B1CDE-95F3-4ED8-8AA4-ED63E9ED928A}.Release|x86.ActiveCfg = Release|Win32
		{306B1CDE-95F3-4ED8-8AA4-ED63E9ED928A}.Release|x86.Build.0 = Release|Win32
		{8F0D264F-A1B1-4959-B7D5-7428327DE9EE}.Debug|x64.ActiveCfg = Debug|x64
		{8F0D264F-A1B1-4959-B7D5-7428327DE9EE}.Debug|x64.Build.0 = Debug|x64
		{8F0D264F-A1B1-4959-B7D5-7428327DE9EE}.Debug|x86.ActiveCfg = Debug|Win32
		{8F0D264F-A1B1-4959-B7D5-7428327DE9EE}.Debug|x86.Build.0 = Debug|Win32
		{8F0D264F-A1B1-4959-B7D5-7428327DE9EE}.Release|x64.ActiveCfg = Release|x64
		{8F0D264F-A1B1-4959-B7D5-7428327DE9EE}.Release|x64.Build.0 = Release|x64
		{8F0D264F-A1B1-4959-B7D5-7428327DE9EE}.Release|x86.ActiveCfg = Release|Win32
		{8F0D264F-A1B1-4959-B7D5-7428327DE9EE}.Release|x86.Build.0 = Release|Win32
		{5D2E5116-7ED6-433B-AE9A-F8B8E81EC381}.Debug|x64.ActiveCfg = Debug|x64
		{5D2E5116-7ED6-433B-AE9A-F8B8E81EC381}.Debug|x64.Build.0 = Debug|x64
		{5D2E5116-7ED6-433B-AE9A-F8B8E81EC381}.Debug|x86.ActiveCfg = Debug|Win32
		{5D2E5116-7ED6-433B-AE9A-F8B8E81EC381}.Debug|x86.Build.0 = Debug|Win32
		{5D2E5116-7ED6-433B-AE9A-F8B8E81EC381}.Release|x64.ActiveCfg = Release|x64
		{5D2E5116-7ED6-433B-AE9A-F8B8E81EC381}.Release|x64.Build.0 = Release|x64
		{5D2E5116-7ED6-433B-AE9A-F8B8E81EC381}.Release|x86.ActiveCfg = Release|Win32
		{5D2E5116-7ED6-433B-AE9A-F8B8E81EC381}.Release|x86.Build.0 = Release|Win32
		{32A29CDE-BE3A-4527-983F-ED956ED67560}.Debug|x64.ActiveCfg = Debug|x64
		{32A29CDE-BE3A-4527-983F-ED956ED67560}.Debug|x64.Build.0 = Debug|x64
		{32A29CDE-BE3A-4527-983F-ED956ED67560}.Debug|x86.ActiveCfg = Debug|Win32
		{32A29CDE-BE3A-4527-983F-ED956ED67560}.Debug|x86.Build.0 = Debug|Win32
		{32A29CDE-BE3A-4527-983F-ED956ED67560}.Release|x64.ActiveCfg = Release|x64
		{32A29CDE-BE3A-4527-983F-ED956ED67560}.Release|x64.Build.0 = Release|x64
		{32A29CDE-BE3A-4527-983F-ED956ED67560}.Release|x86.ActiveCfg = Release|Win32
		{32A29CDE-BE3A-4527-983F-ED956ED67560}.Release|x86.Build.0 = Release|Win32
		{07405C31-4411-42BE-9A1A-CC9341DC5142}.Debug|x64.ActiveCfg = Debug|x64
		{07405C31-4411-42BE-9A1A-CC9341DC5142}.Debug|x64.Build.0 = Debug|x64
		{07405C31-4411-42BE-9A1A-CC9341DC5142}.Debug|x86.ActiveCfg = Debug|Win32
		{07405C31-4411-42BE-9A1A-CC9341DC5142}.Debug|x86.Build.0 = Debug|Win32
		{07405C31-4411-42BE-9A1A-CC9341DC5142}.Release|x64.ActiveCfg = Release|x64
		{07405C31-4411-42BE-9A1A-CC9341DC5142}.Release|x64.Build.0 = Release|x64
		{07405C31-4411-42BE-9A1A-CC9341DC5142}.Release|x86.ActiveCfg = Release|Win32
		{07405C31-4411-42BE-9A1A-CC9341DC5142}.Release|x86.Build.0 = Release|Win32
		{896CC215-3447-4069-9929-5247D969CA0A}.Debug|x64.ActiveCfg = Debug|x64
		{896CC215-3447-4069-9929-5247D969CA0A}.Debug|x64.Build.0 = Debug|x64
		{896CC215-3447-4069-9929-5247D969CA0A}.Debug|x86.ActiveCfg = Debug|Win32
		{896CC215-3447-4069-9929-5247D969CA0A}.Debug|x86.Build.0 = Debug|Win32
		{896CC215-3447-4069-9929-5247D969CA0A}.Release|x64.ActiveCfg = Release|x64
		{896CC215-3447-4069-9929-5247D969CA0A}.Release|x64.Build.0 = Release|x64
		{896CC215-3447-4069-9929-5247D969CA0A}.Release|x86.ActiveCfg = Release|Win32
		{896CC215-3447-4069-9929-5247D969CA0A}.Release|x86.Build.0 = Release|Win32
		{69043203-4BCC-4BC9-AF28-98F95DADFB6E}.Debug|x64.ActiveCfg = Debug|x64
		{69043203-4BCC-4BC9-AF28-98F95DADFB6E}.Debug|x64.Build.0 = Debug|x64
		{69043203-4BCC-4BC9-AF28-98F95DADFB6E}.Debug|x86.ActiveCfg = Debug|Win32
		{69043203-4BCC-4BC9-AF28-98F95DADFB6E}.Debug|x86.Build.0 = Debug|Win32
		{69043203-4BCC-4BC9-AF28-98F95DADFB6E}.Release|x64.ActiveCfg = Release|x64
		{69043203-4BCC-4BC9-AF28-98F95DADFB6E}.Release|x64.Build.0 = Release|x64
		{69043203-4BCC-4BC9-AF28-98F95DADFB6E}.Release|x86.ActiveCfg = Release|Win32
		{69043203-4BCC-4BC9-AF28-98F95DADFB6E}.Release|x86.Build.0 = Release|Win32
		{EDA1F9EC-2384-4E7C-95DB-101ABF576D0D}.Debug|x64.ActiveCfg = Debug|x64
		{EDA1F9EC-2384-4E7C-95DB-101ABF576D0D}.Debug|x64.Build.0 = Debug|x64
		{EDA1F9EC-2384-4E7C-95DB-101ABF576D0D}.Debug|x86.ActiveCfg = Debug|Win32
		{EDA1F9EC-2384-4E7C-95DB-101ABF576D0D}.Debug|x86.Build.0 = Debug|Win32
		{EDA1F9EC-2384-4E7C-95DB-101ABF576D0D}.Release|x64.ActiveCfg = Release|x64
		{EDA1F9EC-2384-4E7C-95DB-101ABF576D0D}.Release|x64.Build.0 = Release|x64
		{EDA1F9EC-2384-4E7C-95DB-101ABF576D0D}.Release|x86.ActiveCfg = Release|Win32
		{EDA1F9EC-2384-4E7C-95DB-101ABF576D0D}.Release|x86.Build.0 = Release|Win32
	EndGlobalSection
	GlobalSection(SolutionProperties) = preSolution
		HideSolutionNode = FALSE
	EndGlobalSection
	GlobalSection(NestedProjects) = preSolution
		{A59E08B4-D48D-40E4-9927-401E0351F4F0} = {DFF0B886-75EA-422F-958B-A64FF02191D1}
		{9EBBC316-804C-483E-A67C-53A4CEFC886D} = {DFF0B886-75EA-422F-958B-A64FF02191D1}
		{A5161366-8160-4FED-A662-29D324D40534} = {DFF0B886-75EA-422F-958B-A64FF02191D1}
		{572C03B7-520B-4A8C-AA17-0AE0F1687A78} = {DFF0B886-75EA-422F-958B-A64FF02191D1}
		{94A4CCDA-420F-43F7-B85F-1120DA48BCAC} = {DFF0B886-75EA-422F-958B-A64FF02191D1}
		{3F516E9B-9DCE-4B1E-93B1-32E56F1AA1BE} = {3A7B0D0F-44A9-4AAB-9A4A-768C298E6504}
		{39C758D8-48B8-4A40-ACA6-7CC5CA4E89CD} = {3A7B0D0F-44A9-4AAB-9A4A-768C298E6504}
		{230479A5-25D5-403D-90F9-89B816EB7862} = {3A7B0D0F-44A9-4AAB-9A4A-768C298E6504}
		{15C19E46-FB49-479B-90D3-D439AEA5A64D} = {3A7B0D0F-44A9-4AAB-9A4A-768C298E6504}
		{7BE9804D-6743-4718-BCDB-4FBB21F5E42A} = {3A7B0D0F-44A9-4AAB-9A4A-768C298E6504}
		{7EFAB678-4B35-4577-A860-63E6F60B4D4A} = {1F08D3A0-C04D-44E1-8FE2-A49E02F619B8}
		{38B13BFA-EEC4-4216-9FF1-F414C00A9A3A} = {1F08D3A0-C04D-44E1-8FE2-A49E02F619B8}
		{1F7D57A2-5700-4C77-87A2-4735C4FCFAE2} = {1F08D3A0-C04D-44E1-8FE2-A49E02F619B8}
		{5C3D8781-3715-4D0E-807E-7E810ADD091A} = {1F08D3A0-C04D-44E1-8FE2-A49E02F619B8}
		{3C603C08-8FD5-4C60-9670-DE1BD5FDA3FB} = {1F08D3A0-C04D-44E1-8FE2-A49E02F619B8}
		{A1A45E6F-0840-40DA-9995-19FB994D2C47} = {BADEAEDC-3382-4D40-8DDE-E7F9813431D6}
		{C2EC44AC-3C63-4585-A208-C0924479AAE8} = {BADEAEDC-3382-4D40-8DDE-E7F9813431D6}
		{76B17A0A-1169-4CE3-9F4D-AC28D26BBC3E} = {BADEAEDC-3382-4D40-8DDE-E7F9813431D6}
		{579C60FC-5F35-4AC8-8A56-41CBC7B6EAA2} = {BADEAEDC-3382-4D40-8DDE-E7F9813431D6}
		{5DBC74E5-992B-450D-9CF5-B0C128336D2C} = {BADEAEDC-3382-4D40-8DDE-E7F9813431D6}
		{96E733D5-A7E4-477E-A7A7-042825CB3B31} = {50E49A14-178B-4C67-A4F5-9B82A6385303}
		{83FF84A4-C7D2-4A45-8F54-79616D74B51D} = {50E49A14-178B-4C67-A4F5-9B82A6385303}
		{A1C69911-60A6-4098-B58F-3A6FC88BA7DE} = {50E49A14-178B-4C67-A4F5-9B82A6385303}
		{8D695A2B-2A3F-40C3-8731-5D38A0A108F5} = {50E49A14-178B-4C67-A4F5-9B82A6385303}
		{C2D35960-9A74-43F2-B8B7-F9BD788BE208} = {50E49A14-178B-4C67-A4F5-9B82A6385303}
		{CED47A5D-08D2-46B6-A323-E887F3D9397C} = {0152BD8B-6BD2-4096-96C7-FC2F8270546C}
		{291E5491-8D89-47CB-BA47-4CF24C2AE485} = {0152BD8B-6BD2-4096-96C7-FC2F8270546C}
		{12AC2D40-DD07-4D64-AA41-37851FD73017} = {0152BD8B-6BD2-4096-96C7-FC2F8270546C}
		{E726C02E-02C4-4F41-AD3A-6BB9D5D0F1B9} = {0152BD8B-6BD2-4096-96C7-FC2F8270546C}
		{21EB6EBC-1C2E-4A9D-948C-FD366441372A} = {0152BD8B-6BD2-4096-96C7-FC2F8270546C}
		{780D0B14-4864-421D-BD74-74CB9BCD55F5} = {6D48518A-E3B7-4F1D-931D-DACD00D65B1B}
		{7D9E02E7-CA47-409B-AC66-D8BDAF3A405C} = {6D48518A-E3B7-4F1D-931D-DACD00D65B1B}
		{EB04E6E3-7F41-411C-B20F-41384C353E26} = {6D48518A-E3B7-4F1D-931D-DACD00D65B1B}
		{BB0E1AC3-7D9E-448D-BA58-59194E90B33B} = {6D48518A-E3B7-4F1D-931D-DACD00D65B1B}
		{A406674F-8315-4390-B684-6750978675ED} = {6D48518A-E3B7-4F1D-931D-DACD00D65B1B}
		{9D0192A7-9357-455C-9A21-33E061EC620A} = {4312A6BA-F741-42B0-9369-2DBFCBF63E45}
		{3067DB42-A4EF-4EAC-905F-9FE74AEC14B0} = {4312A6BA-F741-42B0-9369-2DBFCBF63E45}
		{BEDE6239-B72F-4744-9E72-1D5ACAAB8615} = {4312A6BA-F741-42B0-9369-2DBFCBF63E45}
		{3E157DE0-6D8A-409B-B83F-674E5DF867F7} = {4312A6BA-F741-42B0-9369-2DBFCBF63E45}
		{FCB58A73-F013-4583-B7FC-179342D08143} = {4312A6BA-F741-42B0-9369-2DBFCBF63E45}
		{7A8C8F43-4D44-42CC-8777-F3FE5955853F} = {2A391792-DC04-4160-9080-3D13BE4E01D5}
		{281342AF-0BBA-4E13-B5AE-971A89F26630} = {2A391792-DC04-4160-9080-3D13BE4E01D5}
		{9B067058-9763-4095-A557-28C8FF9B2CDE} = {2A391792-DC04-4160-9080-3D13BE4E01D5}
		{57A3A9EC-FBEF-4681-B461-CB93F744040C} = {2A391792-DC04-4160-9080-3D13BE4E01D5}
		{4ACE4FB6-3E0B-46B6-B2AC-41FD47FA41CF} = {2A391792-DC04-4160-9080-3D13BE4E01D5}
		{BAD37A33-4E8F-4F47-80A5-F0D7C8146D5F} = {FDC6A6CA-1CBE-4739-85DC-F74D7A9CEF0D}
		{95B93620-D528-45CD-A482-FCA6CF8C7654} = {FDC6A6CA-1CBE-4739-85DC-F74D7A9CEF0D}
		{6310392F-224C-4509-9BE9-08158A66EAD2} = {FDC6A6CA-1CBE-4739-85DC-F74D7A9CEF0D}
		{D2663757-094D-4D44-9248-5F5E392E92D4} = {FDC6A6CA-1CBE-4739-85DC-F74D7A9CEF0D}
		{81F077EA-FFDD-4095-B197-7FE2166DE397} = {FDC6A6CA-1CBE-4739-85DC-F74D7A9CEF0D}
		{9AC744B3-8590-47A2-866D-C5804EDDA834} = {AAA17F01-4ADF-4759-83B3-58359A5F3853}
		{8F4AE644-F23A-4B89-A9BA-04BEE1FDD615} = {AAA17F01-4ADF-4759-83B3-58359A5F3853}
		{8B42A12D-105F-4925-873C-9872B20CB00F} = {AAA17F01-4ADF-4759-83B3-58359A5F3853}
		{3A34CFFF-368D-4076-9784-4ED87A3267F5} = {AAA17F01-4ADF-4759-83B3-58359A5F3853}
		{C8E6C350-99FE-4204-BD1E-251596C7853B} = {AAA17F01-4ADF-4759-83B3-58359A5F3853}
		{F152051F-F6AF-4512-95EC-BA626CB2E004} = {0D866689-C40A-4867-9578-E5E6997A77B9}
		{BF30F95C-2644-47DC-8BF3-A541530DBBEB} = {0D866689-C40A-4867-9578-E5E6997A77B9}
		{1BBA8424-7339-4729-8E5B-2277FFFC7349} = {0D866689-C40A-4867-9578-E5E6997A77B9}
		{9FA45B8C-4A5F-4787-872F-75E150EB3AEC} = {0D866689-C40A-4867-9578-E5E6997A77B9}
		{58081D69-BBD7-40BA-956C-E3302DA62D6E} = {0D866689-C40A-4867-9578-E5E6997A77B9}
		{1240929B-C253-42D8-9C4D-D49375199ED6} = {F8960491-646A-4D46-8675-F372E94E4332}
		{750158C8-C16A-4D3C-89FF-E4E03F2909EC} = {F8960491-646A-4D46-8675-F372E94E4332}
		{77E9052F-23F5-4526-8CB2-1A89C08FE95D} = {F8960491-646A-4D46-8675-F372E94E4332}
		{6C201F5B-E0D4-4D89-8CD2-478BA997D509} = {F8960491-646A-4D46-8675-F372E94E4332}
		{53D26B59-DCF8-43FE-9F51-F3D02A8DCFA0} = {F8960491-646A-4D46-8675-F372E94E4332}
		{728F514C-4214-4C5E-87AC-FE8A3869853D} = {CC2FC045-3F65-42C4-8EFC-BA26A40505EA}
		{1A12B2CC-6D34-43DB-95B0-CB17C61C6D9A} = {CC2FC045-3F65-42C4-8EFC-BA26A40505EA}
		{61B2727F-5FF1-462D-A35F-37C7BA03F36C} = {CC2FC045-3F65-42C4-8EFC-BA26A40505EA}
		{C2B04823-0FA1-4212-AD1A-E8361ECC496F} = {CC2FC045-3F65-42C4-8EFC-BA26A40505EA}
		{9567AD20-6188-458D-BBC7-9201EA7E79A3} = {CC2FC045-3F65-42C4-8EFC-BA26A40505EA}
		{5B411AB4-7C73-4243-9522-47636DDA19CF} = {C1F97A0B-47F2-48CB-9F62-3D414DEDE907}
		{015B5C94-E179-4EDF-9455-D12E1E45E3F4} = {C1F97A0B-47F2-48CB-9F62-3D414DEDE907}
		{3C9A9CD6-394D-45D4-A124-232D13828837} = {C1F97A0B-47F2-48CB-9F62-3D414DEDE907}
		{FF3BBEC1-0CA4-47C1-8288-73CC59317342} = {C1F97A0B-47F2-48CB-9F62-3D414DEDE907}
		{2B327E60-D35E-4C3D-87C8-C1C2CD732EE2} = {C1F97A0B-47F2-48CB-9F62-3D414DEDE907}
		{6C1A5A04-B1F7-4501-96A4-D3647A967FDD} = {A8D18588-05C4-4C21-82BC-9155EDFF35A5}
		{6E8623FC-8A22-48D9-902B-68AED7CDDD1E} = {A8D18588-05C4-4C21-82BC-9155EDFF35A5}
		{AA0391A5-81DD-405E-B2F1-78F550578083} = {A8D18588-05C4-4C21-82BC-9155EDFF35A5}
		{A787BAFE-E5B7-4C38-AEC7-6AA4910FE93C} = {A8D18588-05C4-4C21-82BC-9155EDFF35A5}
		{99DCA72A-DDE7-419E-94C9-725BEADC7F2B} = {A8D18588-05C4-4C21-82BC-9155EDFF35A5}
		{0809E323-28D4-4EC9-9389-6E77D23A823A} = {2697F731-0108-4C2D-B5BB-0FEB4AA177E8}
		{E093CAD9-DB9A-4B5C-8FE3-C49B4054AA3F} = {2697F731-0108-4C2D-B5BB-0FEB4AA177E8}
		{63055D29-EE6C-49F8-A8DC-4A07D7E40953} = {2697F731-0108-4C2D-B5BB-0FEB4AA177E8}
		{69900B0E-92F1-4929-8C64-3F2497E3CB2F} = {2697F731-0108-4C2D-B5BB-0FEB4AA177E8}
		{0D63E38E-D12B-4F69-AA6E-478B797673FA} = {2697F731-0108-4C2D-B5BB-0FEB4AA177E8}
		{EF82DF97-DEFF-4203-8DCA-A5F09C74D119} = {3FD80293-BB9A-48D2-B262-0A1A1D8D4A95}
		{8CE377E0-9743-4972-A696-0A41E4CA9314} = {3FD80293-BB9A-48D2-B262-0A1A1D8D4A95}
		{306B1CDE-95F3-4ED8-8AA4-ED63E9ED928A} = {3FD80293-BB9A-48D2-B262-0A1A1D8D4A95}
		{8F0D264F-A1B1-4959-B7D5-7428327DE9EE} = {3FD80293-BB9A-48D2-B262-0A1A1D8D4A95}
		{5D2E5116-7ED6-433B-AE9A-F8B8E81EC381} = {3FD80293-BB9A-48D2-B262-0A1A1D8D4A95}
		{32A29CDE-BE3A-4527-983F-ED956ED67560} = {A60BC4A3-E411-4DEA-BD55-961ADB77F68C}
		{07405C31-4411-42BE-9A1A-CC9341DC5142} = {A60BC4A3-E411-4DEA-BD55-961ADB77F68C}
		{896CC215-3447-4069-9929-5247D969CA0A} = {A60BC4A3-E411-4DEA-BD55-961ADB77F68C}
		{69043203-4BCC-4BC9-AF28-98F95DADFB6E} = {A60BC4A3-E411-4DEA-BD55-961ADB77F68C}
		{EDA1F9EC-2384-4E7C-95DB-101ABF576D0D} = {A60BC4A3-E411-4DEA-BD55-961ADB77F68C}
	EndGlobalSection
	GlobalSection(ExtensibilityGlobals) = postSolution
		SolutionGuid = {6F2773ED-F031-4BBF-BE69-53D43FA453CC}
	EndGlobalSection
EndGlobal